{
  "version": 4,
  "terraform_version": "1.0.8",
  "serial": 57,
  "lineage": "0eba339d-6a2d-8737-35b2-59295ce36f06",
  "outputs": {
    "kubeconfig": {
      "value": "./kubeconfig_my-eks-cluster",
      "type": "string"
    }
  },
  "resources": [
    {
      "mode": "data",
      "type": "aws_availability_zones",
      "name": "available",
      "provider": "provider[\"registry.terraform.io/hashicorp/aws\"]",
      "instances": [
        {
          "schema_version": 0,
          "attributes": {
            "all_availability_zones": null,
            "exclude_names": null,
            "exclude_zone_ids": null,
            "filter": null,
            "group_names": [
              "us-west-2"
            ],
            "id": "us-west-2",
            "names": [
              "us-west-2a",
              "us-west-2b",
              "us-west-2c",
              "us-west-2d"
            ],
            "state": null,
            "zone_ids": [
              "usw2-az2",
              "usw2-az1",
              "usw2-az3",
              "usw2-az4"
            ]
          },
          "sensitive_attributes": []
        }
      ]
    },
    {
      "mode": "data",
      "type": "aws_eks_cluster",
      "name": "cluster",
      "provider": "provider[\"registry.terraform.io/hashicorp/aws\"]",
      "instances": [
        {
          "schema_version": 0,
          "attributes": {
            "arn": "arn:aws:eks:us-west-2:809801096875:cluster/my-eks-cluster",
            "certificate_authority": [
              {
                "data": "LS0tLS1CRUdJTiBDRVJUSUZJQ0FURS0tLS0tCk1JSUM1ekNDQWMrZ0F3SUJBZ0lCQURBTkJna3Foa2lHOXcwQkFRc0ZBREFWTVJNd0VRWURWUVFERXdwcmRXSmwKY201bGRHVnpNQjRYRFRJeE1UQXhNakV4TVRJME1Gb1hEVE14TVRBeE1ERXhNVEkwTUZvd0ZURVRNQkVHQTFVRQpBeE1LYTNWaVpYSnVaWFJsY3pDQ0FTSXdEUVlKS29aSWh2Y05BUUVCQlFBRGdnRVBBRENDQVFvQ2dnRUJBS1hSCis5TTBvL3BVMHFxNlN2VkpQYk1mY3EwTDBnNXZ4dGVIQTkyYWJpVzJ6OVBoRzcrU0ZTdWV5WUd4b29SVXVDTTkKQjFiZTRNUE90TW4rSDRUZXZEc21nMkZFYmFWSHI1Z3JyVXgyY1MvWklDRGRmZVlPdXR1L2xXSEZKaGE1dCsrVwozajF0NXFyTzlGYnd1VDZ2b0RLRW4vdi9WbkpVSGhYeVo2V0tua2tTSTVySCt6bXVkNC9RRDd5K21kdXNST1VqCmhjbHhBZGF4VDlIZ0xBUm5OeWs0c3p3SlFNdXpZOTVvVit5a0Q1WVk4YVNkVUFrS2hhMUVDZWk1aURwSDZGRkgKaFRYY29JUGdwSTY2aW1FYk0vV2lpQkp0eng5bHFZMzZGSnBKZjRuZnozc083L0lHQjduUXVrUm9iejhwc3ZWbgoraTRaRzc0NHVYUENYcXFkaE1NQ0F3RUFBYU5DTUVBd0RnWURWUjBQQVFIL0JBUURBZ0trTUE4R0ExVWRFd0VCCi93UUZNQU1CQWY4d0hRWURWUjBPQkJZRUZLUFhyYkJYeHFyUGEybDBNcWFCZU53Z21JcHJNQTBHQ1NxR1NJYjMKRFFFQkN3VUFBNElCQVFBc0dkbSs4RG5PS1BrY2dWdFY5b0NIQ3VzdGVXVU1sOGpEWEppSTRIZ2FSV1VUL3crVwpRT29jcVZmd3RxQkVXNjJvZ2hOMWpkUWlSaDRXUkhKY05pZUd6MXZqSUp1OTFhWVlPZ3U4cWVibEkvYW1tMjRlCi9TWGpCTm1yaE9qQmw4RU9VRFAzQ21lNlo1c3E2WWMwQU04VjlOWWlIajdjOHl5REhFV2JBMTBCOFlUbVhrb3YKMGUwb3EvMVlKNUgySnQzTkp4dktjOHBmK0lDYkJXNGVhU2NpSkZKQ25ZcTB3NW9jYmhhcWdDK2VXd3A4YlZudQo5WXdmdXlQYnpQL0pxVnJMMnU0bVZXRklkS2h0cU14V0tBcnhSMnY5SG9rSjM5WGMwVXJvVGtteHRnaTIxaDlpCnc2MDJnM3hrcFdlclBqWkFUcURLVW5RQXlReVppUzNnZ0ZxcwotLS0tLUVORCBDRVJUSUZJQ0FURS0tLS0tCg=="
              }
            ],
            "created_at": "2021-10-12 11:06:28.793 +0000 UTC",
            "enabled_cluster_log_types": [],
            "endpoint": "https://22419D4C7C19E938E5A79FF21AEB8E33.gr7.us-west-2.eks.amazonaws.com",
            "id": "my-eks-cluster",
            "identity": [
              {
                "oidc": [
                  {
                    "issuer": "https://oidc.eks.us-west-2.amazonaws.com/id/22419D4C7C19E938E5A79FF21AEB8E33"
                  }
                ]
              }
            ],
            "kubernetes_network_config": [
              {
                "service_ipv4_cidr": "172.20.0.0/16"
              }
            ],
            "name": "my-eks-cluster",
            "platform_version": "eks.2",
            "role_arn": "arn:aws:iam::809801096875:role/my-eks-cluster20211012110543672900000002",
            "status": "ACTIVE",
            "tags": {},
            "version": "1.20",
            "vpc_config": [
              {
                "cluster_security_group_id": "sg-01d76b410dd4f00c5",
                "endpoint_private_access": false,
                "endpoint_public_access": true,
                "public_access_cidrs": [
                  "0.0.0.0/0"
                ],
                "security_group_ids": [
                  "sg-0a7db2cb33a201b4a"
                ],
                "subnet_ids": [
                  "subnet-0480ff189791f1a94",
                  "subnet-07821ac5143e42f3e",
                  "subnet-0847e38d75a4a0c44"
                ],
                "vpc_id": "vpc-0f74785e809807a82"
              }
            ]
          },
          "sensitive_attributes": []
        }
      ]
    },
    {
      "mode": "data",
      "type": "aws_eks_cluster_auth",
      "name": "cluster",
      "provider": "provider[\"registry.terraform.io/hashicorp/aws\"]",
      "instances": [
        {
          "schema_version": 0,
          "attributes": {
            "id": "my-eks-cluster",
            "name": "my-eks-cluster",
            "token": "k8s-aws-v1.aHR0cHM6Ly9zdHMuYW1hem9uYXdzLmNvbS8_QWN0aW9uPUdldENhbGxlcklkZW50aXR5JlZlcnNpb249MjAxMS0wNi0xNSZYLUFtei1BbGdvcml0aG09QVdTNC1ITUFDLVNIQTI1NiZYLUFtei1DcmVkZW50aWFsPUFLSUEzWkM3SUQyVlRUUjdNMkNCJTJGMjAyMTEwMTIlMkZ1cy1lYXN0LTElMkZzdHMlMkZhd3M0X3JlcXVlc3QmWC1BbXotRGF0ZT0yMDIxMTAxMlQxMTE3MTJaJlgtQW16LUV4cGlyZXM9MCZYLUFtei1TaWduZWRIZWFkZXJzPWhvc3QlM0J4LWs4cy1hd3MtaWQmWC1BbXotU2lnbmF0dXJlPWMwZmI5NTgxZDVhOTU4MDkwZjZlMjJiYjc2YTI1Mzc0N2Y2YTliOWMzMzIwNDM2ZDMwNGM2NjEyMTc2MjYxYzY"
          },
          "sensitive_attributes": []
        }
      ]
    },
    {
      "module": "module.eks",
      "mode": "data",
      "type": "aws_ami",
      "name": "eks_worker",
      "provider": "provider[\"registry.terraform.io/hashicorp/aws\"]",
      "instances": [
        {
          "index_key": 0,
          "schema_version": 0,
          "attributes": {
            "architecture": "x86_64",
            "arn": "arn:aws:ec2:us-west-2::image/ami-06f175a2687bd1c1e",
            "block_device_mappings": [
              {
                "device_name": "/dev/xvda",
                "ebs": {
                  "delete_on_termination": "true",
                  "encrypted": "false",
                  "iops": "0",
                  "snapshot_id": "snap-02ba6e606ac830c12",
                  "throughput": "0",
                  "volume_size": "20",
                  "volume_type": "gp2"
                },
                "no_device": "",
                "virtual_name": ""
              }
            ],
            "creation_date": "2021-10-05T03:50:55.000Z",
            "description": "EKS Kubernetes Worker AMI with AmazonLinux2 image, (k8s: 1.20.7, docker: 20.10.7-3.amzn2, containerd: 1.4.6-3.amzn2)",
            "ena_support": true,
            "executable_users": null,
            "filter": [
              {
                "name": "name",
                "values": [
                  "amazon-eks-node-1.20-v*"
                ]
              }
            ],
            "hypervisor": "xen",
            "id": "ami-06f175a2687bd1c1e",
            "image_id": "ami-06f175a2687bd1c1e",
            "image_location": "amazon/amazon-eks-node-1.20-v20211004",
            "image_owner_alias": "amazon",
            "image_type": "machine",
            "kernel_id": null,
            "most_recent": true,
            "name": "amazon-eks-node-1.20-v20211004",
            "name_regex": null,
            "owner_id": "602401143452",
            "owners": [
              "amazon"
            ],
            "platform": null,
            "platform_details": "Linux/UNIX",
            "product_codes": [],
            "public": true,
            "ramdisk_id": null,
            "root_device_name": "/dev/xvda",
            "root_device_type": "ebs",
            "root_snapshot_id": "snap-02ba6e606ac830c12",
            "sriov_net_support": "simple",
            "state": "available",
            "state_reason": {
              "code": "UNSET",
              "message": "UNSET"
            },
            "tags": {},
            "usage_operation": "RunInstances",
            "virtualization_type": "hvm"
          },
          "sensitive_attributes": []
        }
      ]
    },
    {
      "module": "module.eks",
      "mode": "data",
      "type": "aws_caller_identity",
      "name": "current",
      "provider": "provider[\"registry.terraform.io/hashicorp/aws\"]",
      "instances": [
        {
          "schema_version": 0,
          "attributes": {
            "account_id": "809801096875",
            "arn": "arn:aws:iam::809801096875:root",
            "id": "809801096875",
            "user_id": "809801096875"
          },
          "sensitive_attributes": []
        }
      ]
    },
    {
      "module": "module.eks",
      "mode": "data",
      "type": "aws_iam_policy_document",
      "name": "cluster_assume_role_policy",
      "provider": "provider[\"registry.terraform.io/hashicorp/aws\"]",
      "instances": [
        {
          "schema_version": 0,
          "attributes": {
            "id": "2764486067",
            "json": "{\n  \"Version\": \"2012-10-17\",\n  \"Statement\": [\n    {\n      \"Sid\": \"EKSClusterAssumeRole\",\n      \"Effect\": \"Allow\",\n      \"Action\": \"sts:AssumeRole\",\n      \"Principal\": {\n        \"Service\": \"eks.amazonaws.com\"\n      }\n    }\n  ]\n}",
            "override_json": null,
            "override_policy_documents": null,
            "policy_id": null,
            "source_json": null,
            "source_policy_documents": null,
            "statement": [
              {
                "actions": [
                  "sts:AssumeRole"
                ],
                "condition": [],
                "effect": "Allow",
                "not_actions": [],
                "not_principals": [],
                "not_resources": [],
                "principals": [
                  {
                    "identifiers": [
                      "eks.amazonaws.com"
                    ],
                    "type": "Service"
                  }
                ],
                "resources": [],
                "sid": "EKSClusterAssumeRole"
              }
            ],
            "version": "2012-10-17"
          },
          "sensitive_attributes": []
        }
      ]
    },
    {
      "module": "module.eks",
      "mode": "data",
      "type": "aws_iam_policy_document",
      "name": "cluster_elb_sl_role_creation",
      "provider": "provider[\"registry.terraform.io/hashicorp/aws\"]",
      "instances": [
        {
          "index_key": 0,
          "schema_version": 0,
          "attributes": {
            "id": "3709839417",
            "json": "{\n  \"Version\": \"2012-10-17\",\n  \"Statement\": [\n    {\n      \"Sid\": \"\",\n      \"Effect\": \"Allow\",\n      \"Action\": [\n        \"ec2:DescribeInternetGateways\",\n        \"ec2:DescribeAddresses\",\n        \"ec2:DescribeAccountAttributes\"\n      ],\n      \"Resource\": \"*\"\n    }\n  ]\n}",
            "override_json": null,
            "override_policy_documents": null,
            "policy_id": null,
            "source_json": null,
            "source_policy_documents": null,
            "statement": [
              {
                "actions": [
                  "ec2:DescribeAccountAttributes",
                  "ec2:DescribeAddresses",
                  "ec2:DescribeInternetGateways"
                ],
                "condition": [],
                "effect": "Allow",
                "not_actions": [],
                "not_principals": [],
                "not_resources": [],
                "principals": [],
                "resources": [
                  "*"
                ],
                "sid": ""
              }
            ],
            "version": "2012-10-17"
          },
          "sensitive_attributes": []
        }
      ]
    },
    {
      "module": "module.eks",
      "mode": "data",
      "type": "aws_iam_policy_document",
      "name": "workers_assume_role_policy",
      "provider": "provider[\"registry.terraform.io/hashicorp/aws\"]",
      "instances": [
        {
          "schema_version": 0,
          "attributes": {
            "id": "3778018924",
            "json": "{\n  \"Version\": \"2012-10-17\",\n  \"Statement\": [\n    {\n      \"Sid\": \"EKSWorkerAssumeRole\",\n      \"Effect\": \"Allow\",\n      \"Action\": \"sts:AssumeRole\",\n      \"Principal\": {\n        \"Service\": \"ec2.amazonaws.com\"\n      }\n    }\n  ]\n}",
            "override_json": null,
            "override_policy_documents": null,
            "policy_id": null,
            "source_json": null,
            "source_policy_documents": null,
            "statement": [
              {
                "actions": [
                  "sts:AssumeRole"
                ],
                "condition": [],
                "effect": "Allow",
                "not_actions": [],
                "not_principals": [],
                "not_resources": [],
                "principals": [
                  {
                    "identifiers": [
                      "ec2.amazonaws.com"
                    ],
                    "type": "Service"
                  }
                ],
                "resources": [],
                "sid": "EKSWorkerAssumeRole"
              }
            ],
            "version": "2012-10-17"
          },
          "sensitive_attributes": []
        }
      ]
    },
    {
      "module": "module.eks",
      "mode": "data",
      "type": "aws_partition",
      "name": "current",
      "provider": "provider[\"registry.terraform.io/hashicorp/aws\"]",
      "instances": [
        {
          "schema_version": 0,
          "attributes": {
            "dns_suffix": "amazonaws.com",
            "id": "aws",
            "partition": "aws",
            "reverse_dns_prefix": "com.amazonaws"
          },
          "sensitive_attributes": []
        }
      ]
    },
    {
      "module": "module.eks",
      "mode": "data",
      "type": "http",
      "name": "wait_for_cluster",
      "provider": "provider[\"registry.terraform.io/terraform-aws-modules/http\"]",
      "instances": [
        {
          "index_key": 0,
          "schema_version": 0,
          "attributes": {
            "body": "ok",
            "ca_certificate": "-----BEGIN CERTIFICATE-----\nMIIC5zCCAc+gAwIBAgIBADANBgkqhkiG9w0BAQsFADAVMRMwEQYDVQQDEwprdWJl\ncm5ldGVzMB4XDTIxMTAxMjExMTI0MFoXDTMxMTAxMDExMTI0MFowFTETMBEGA1UE\nAxMKa3ViZXJuZXRlczCCASIwDQYJKoZIhvcNAQEBBQADggEPADCCAQoCggEBAKXR\n+9M0o/pU0qq6SvVJPbMfcq0L0g5vxteHA92abiW2z9PhG7+SFSueyYGxooRUuCM9\nB1be4MPOtMn+H4TevDsmg2FEbaVHr5grrUx2cS/ZICDdfeYOutu/lWHFJha5t++W\n3j1t5qrO9FbwuT6voDKEn/v/VnJUHhXyZ6WKnkkSI5rH+zmud4/QD7y+mdusROUj\nhclxAdaxT9HgLARnNyk4szwJQMuzY95oV+ykD5YY8aSdUAkKha1ECei5iDpH6FFH\nhTXcoIPgpI66imEbM/WiiBJtzx9lqY36FJpJf4nfz3sO7/IGB7nQukRobz8psvVn\n+i4ZG744uXPCXqqdhMMCAwEAAaNCMEAwDgYDVR0PAQH/BAQDAgKkMA8GA1UdEwEB\n/wQFMAMBAf8wHQYDVR0OBBYEFKPXrbBXxqrPa2l0MqaBeNwgmIprMA0GCSqGSIb3\nDQEBCwUAA4IBAQAsGdm+8DnOKPkcgVtV9oCHCusteWUMl8jDXJiI4HgaRWUT/w+W\nQOocqVfwtqBEW62oghN1jdQiRh4WRHJcNieGz1vjIJu91aYYOgu8qeblI/amm24e\n/SXjBNmrhOjBl8EOUDP3Cme6Z5sq6Yc0AM8V9NYiHj7c8yyDHEWbA10B8YTmXkov\n0e0oq/1YJ5H2Jt3NJxvKc8pf+ICbBW4eaSciJFJCnYq0w5ocbhaqgC+eWwp8bVnu\n9YwfuyPbzP/JqVrL2u4mVWFIdKhtqMxWKArxR2v9HokJ39Xc0UroTkmxtgi21h9i\nw602g3xkpWerPjZATqDKUnQAyQyZiS3ggFqs\n-----END CERTIFICATE-----\n",
            "id": "https://22419D4C7C19E938E5A79FF21AEB8E33.gr7.us-west-2.eks.amazonaws.com/healthz",
            "insecure": false,
            "request_headers": null,
            "response_headers": {
              "Cache-Control": "no-cache, private",
              "Content-Length": "2",
              "Content-Type": "text/plain; charset=utf-8",
              "Date": "Tue, 12 Oct 2021 11:17:12 GMT",
              "X-Content-Type-Options": "nosniff",
              "X-Kubernetes-Pf-Flowschema-Uid": "636cf36b-1531-46eb-89ed-2b292c88f05a",
              "X-Kubernetes-Pf-Prioritylevel-Uid": "aa48ba11-e115-47b3-8a2a-39fff4a04c1b"
            },
            "timeout": 300,
            "url": "https://22419D4C7C19E938E5A79FF21AEB8E33.gr7.us-west-2.eks.amazonaws.com/healthz"
          },
          "sensitive_attributes": []
        }
      ]
    },
    {
      "module": "module.eks",
      "mode": "managed",
      "type": "aws_autoscaling_group",
      "name": "workers",
      "provider": "provider[\"registry.terraform.io/hashicorp/aws\"]",
      "instances": [
        {
          "index_key": 0,
          "schema_version": 0,
          "attributes": {
            "arn": "arn:aws:autoscaling:us-west-2:809801096875:autoScalingGroup:0c8d0157-8195-44f4-9c76-32a6cbcde0a3:autoScalingGroupName/my-eks-cluster-02021101211170226380000000f",
            "availability_zones": [
              "us-west-2a",
              "us-west-2b",
              "us-west-2c"
            ],
            "capacity_rebalance": false,
            "default_cooldown": 300,
            "desired_capacity": 1,
            "enabled_metrics": null,
            "force_delete": false,
            "force_delete_warm_pool": false,
            "health_check_grace_period": 300,
            "health_check_type": "EC2",
            "id": "my-eks-cluster-02021101211170226380000000f",
            "initial_lifecycle_hook": [],
            "instance_refresh": [],
            "launch_configuration": "my-eks-cluster-02021101211165218210000000e",
            "launch_template": [],
            "load_balancers": null,
            "max_instance_lifetime": 0,
            "max_size": 3,
            "metrics_granularity": "1Minute",
            "min_elb_capacity": null,
            "min_size": 1,
            "mixed_instances_policy": [],
            "name": "my-eks-cluster-02021101211170226380000000f",
            "name_prefix": "my-eks-cluster-0",
            "placement_group": "",
            "protect_from_scale_in": false,
            "service_linked_role_arn": "arn:aws:iam::809801096875:role/aws-service-role/autoscaling.amazonaws.com/AWSServiceRoleForAutoScaling",
            "suspended_processes": [
              "AZRebalance"
            ],
            "tag": [
              {
                "key": "Name",
                "propagate_at_launch": true,
                "value": "my-eks-cluster-0-eks_asg"
              },
              {
                "key": "k8s.io/cluster/my-eks-cluster",
                "propagate_at_launch": true,
                "value": "owned"
              },
              {
                "key": "kubernetes.io/cluster/my-eks-cluster",
                "propagate_at_launch": true,
                "value": "owned"
              }
            ],
            "tags": null,
            "target_group_arns": null,
            "termination_policies": [],
            "timeouts": null,
            "vpc_zone_identifier": [
              "subnet-0480ff189791f1a94",
              "subnet-07821ac5143e42f3e",
              "subnet-0847e38d75a4a0c44"
            ],
            "wait_for_capacity_timeout": "10m",
            "wait_for_elb_capacity": null,
            "warm_pool": []
          },
          "sensitive_attributes": [],
          "private": "eyJlMmJmYjczMC1lY2FhLTExZTYtOGY4OC0zNDM2M2JjN2M0YzAiOnsiZGVsZXRlIjo2MDAwMDAwMDAwMDB9fQ==",
          "dependencies": [
            "data.aws_availability_zones.available",
            "module.eks.aws_cloudwatch_log_group.this",
            "module.eks.aws_eks_cluster.this",
            "module.eks.aws_iam_instance_profile.workers",
            "module.eks.aws_iam_role.cluster",
            "module.eks.aws_iam_role.workers",
            "module.eks.aws_iam_role_policy_attachment.cluster_AmazonEKSClusterPolicy",
            "module.eks.aws_iam_role_policy_attachment.cluster_AmazonEKSServicePolicy",
            "module.eks.aws_iam_role_policy_attachment.cluster_AmazonEKSVPCResourceControllerPolicy",
            "module.eks.aws_iam_role_policy_attachment.workers_AmazonEC2ContainerRegistryReadOnly",
            "module.eks.aws_iam_role_policy_attachment.workers_AmazonEKSWorkerNodePolicy",
            "module.eks.aws_iam_role_policy_attachment.workers_AmazonEKS_CNI_Policy",
            "module.eks.aws_iam_role_policy_attachment.workers_additional_policies",
            "module.eks.aws_launch_configuration.workers",
            "module.eks.aws_security_group.cluster",
            "module.eks.aws_security_group.workers",
            "module.eks.aws_security_group_rule.cluster_egress_internet",
            "module.eks.aws_security_group_rule.cluster_https_worker_ingress",
            "module.eks.aws_security_group_rule.cluster_primary_ingress_workers",
            "module.eks.aws_security_group_rule.workers_egress_internet",
            "module.eks.aws_security_group_rule.workers_ingress_cluster",
            "module.eks.aws_security_group_rule.workers_ingress_cluster_https",
            "module.eks.aws_security_group_rule.workers_ingress_cluster_kubelet",
            "module.eks.aws_security_group_rule.workers_ingress_cluster_primary",
            "module.eks.aws_security_group_rule.workers_ingress_self",
            "module.eks.data.aws_ami.eks_worker",
            "module.eks.data.aws_ami.eks_worker_windows",
            "module.eks.data.aws_iam_instance_profile.custom_worker_group_iam_instance_profile",
            "module.eks.data.aws_iam_policy_document.cluster_assume_role_policy",
            "module.eks.data.aws_iam_policy_document.workers_assume_role_policy",
            "module.eks.data.aws_iam_role.custom_cluster_iam_role",
            "module.eks.data.aws_partition.current",
            "module.vpc.aws_subnet.private",
            "module.vpc.aws_vpc.this",
            "module.vpc.aws_vpc_ipv4_cidr_block_association.this"
          ],
          "create_before_destroy": true
        }
      ]
    },
    {
      "module": "module.eks",
      "mode": "managed",
      "type": "aws_eks_cluster",
      "name": "this",
      "provider": "provider[\"registry.terraform.io/hashicorp/aws\"]",
      "instances": [
        {
          "index_key": 0,
          "schema_version": 0,
          "attributes": {
            "arn": "arn:aws:eks:us-west-2:809801096875:cluster/my-eks-cluster",
            "certificate_authority": [
              {
                "data": "LS0tLS1CRUdJTiBDRVJUSUZJQ0FURS0tLS0tCk1JSUM1ekNDQWMrZ0F3SUJBZ0lCQURBTkJna3Foa2lHOXcwQkFRc0ZBREFWTVJNd0VRWURWUVFERXdwcmRXSmwKY201bGRHVnpNQjRYRFRJeE1UQXhNakV4TVRJME1Gb1hEVE14TVRBeE1ERXhNVEkwTUZvd0ZURVRNQkVHQTFVRQpBeE1LYTNWaVpYSnVaWFJsY3pDQ0FTSXdEUVlKS29aSWh2Y05BUUVCQlFBRGdnRVBBRENDQVFvQ2dnRUJBS1hSCis5TTBvL3BVMHFxNlN2VkpQYk1mY3EwTDBnNXZ4dGVIQTkyYWJpVzJ6OVBoRzcrU0ZTdWV5WUd4b29SVXVDTTkKQjFiZTRNUE90TW4rSDRUZXZEc21nMkZFYmFWSHI1Z3JyVXgyY1MvWklDRGRmZVlPdXR1L2xXSEZKaGE1dCsrVwozajF0NXFyTzlGYnd1VDZ2b0RLRW4vdi9WbkpVSGhYeVo2V0tua2tTSTVySCt6bXVkNC9RRDd5K21kdXNST1VqCmhjbHhBZGF4VDlIZ0xBUm5OeWs0c3p3SlFNdXpZOTVvVit5a0Q1WVk4YVNkVUFrS2hhMUVDZWk1aURwSDZGRkgKaFRYY29JUGdwSTY2aW1FYk0vV2lpQkp0eng5bHFZMzZGSnBKZjRuZnozc083L0lHQjduUXVrUm9iejhwc3ZWbgoraTRaRzc0NHVYUENYcXFkaE1NQ0F3RUFBYU5DTUVBd0RnWURWUjBQQVFIL0JBUURBZ0trTUE4R0ExVWRFd0VCCi93UUZNQU1CQWY4d0hRWURWUjBPQkJZRUZLUFhyYkJYeHFyUGEybDBNcWFCZU53Z21JcHJNQTBHQ1NxR1NJYjMKRFFFQkN3VUFBNElCQVFBc0dkbSs4RG5PS1BrY2dWdFY5b0NIQ3VzdGVXVU1sOGpEWEppSTRIZ2FSV1VUL3crVwpRT29jcVZmd3RxQkVXNjJvZ2hOMWpkUWlSaDRXUkhKY05pZUd6MXZqSUp1OTFhWVlPZ3U4cWVibEkvYW1tMjRlCi9TWGpCTm1yaE9qQmw4RU9VRFAzQ21lNlo1c3E2WWMwQU04VjlOWWlIajdjOHl5REhFV2JBMTBCOFlUbVhrb3YKMGUwb3EvMVlKNUgySnQzTkp4dktjOHBmK0lDYkJXNGVhU2NpSkZKQ25ZcTB3NW9jYmhhcWdDK2VXd3A4YlZudQo5WXdmdXlQYnpQL0pxVnJMMnU0bVZXRklkS2h0cU14V0tBcnhSMnY5SG9rSjM5WGMwVXJvVGtteHRnaTIxaDlpCnc2MDJnM3hrcFdlclBqWkFUcURLVW5RQXlReVppUzNnZ0ZxcwotLS0tLUVORCBDRVJUSUZJQ0FURS0tLS0tCg=="
              }
            ],
            "created_at": "2021-10-12 11:06:28.793 +0000 UTC",
            "enabled_cluster_log_types": null,
            "encryption_config": [],
            "endpoint": "https://22419D4C7C19E938E5A79FF21AEB8E33.gr7.us-west-2.eks.amazonaws.com",
            "id": "my-eks-cluster",
            "identity": [
              {
                "oidc": [
                  {
                    "issuer": "https://oidc.eks.us-west-2.amazonaws.com/id/22419D4C7C19E938E5A79FF21AEB8E33"
                  }
                ]
              }
            ],
            "kubernetes_network_config": [
              {
                "service_ipv4_cidr": "172.20.0.0/16"
              }
            ],
            "name": "my-eks-cluster",
            "platform_version": "eks.2",
            "role_arn": "arn:aws:iam::809801096875:role/my-eks-cluster20211012110543672900000002",
            "status": "ACTIVE",
            "tags": null,
            "tags_all": {},
            "timeouts": {
              "create": "30m",
              "delete": "15m",
              "update": "60m"
            },
            "version": "1.20",
            "vpc_config": [
              {
                "cluster_security_group_id": "sg-01d76b410dd4f00c5",
                "endpoint_private_access": false,
                "endpoint_public_access": true,
                "public_access_cidrs": [
                  "0.0.0.0/0"
                ],
                "security_group_ids": [
                  "sg-0a7db2cb33a201b4a"
                ],
                "subnet_ids": [
                  "subnet-0480ff189791f1a94",
                  "subnet-07821ac5143e42f3e",
                  "subnet-0847e38d75a4a0c44"
                ],
                "vpc_id": "vpc-0f74785e809807a82"
              }
            ]
          },
          "sensitive_attributes": [],
          "private": "eyJlMmJmYjczMC1lY2FhLTExZTYtOGY4OC0zNDM2M2JjN2M0YzAiOnsiY3JlYXRlIjoxODAwMDAwMDAwMDAwLCJkZWxldGUiOjkwMDAwMDAwMDAwMCwidXBkYXRlIjozNjAwMDAwMDAwMDAwfX0=",
          "dependencies": [
            "data.aws_availability_zones.available",
            "module.eks.aws_cloudwatch_log_group.this",
            "module.eks.aws_iam_role.cluster",
            "module.eks.aws_iam_role_policy_attachment.cluster_AmazonEKSClusterPolicy",
            "module.eks.aws_iam_role_policy_attachment.cluster_AmazonEKSServicePolicy",
            "module.eks.aws_iam_role_policy_attachment.cluster_AmazonEKSVPCResourceControllerPolicy",
            "module.eks.aws_security_group.cluster",
            "module.eks.aws_security_group.workers",
            "module.eks.aws_security_group_rule.cluster_egress_internet",
            "module.eks.aws_security_group_rule.cluster_https_worker_ingress",
            "module.eks.data.aws_iam_policy_document.cluster_assume_role_policy",
            "module.eks.data.aws_iam_role.custom_cluster_iam_role",
            "module.eks.data.aws_partition.current",
            "module.vpc.aws_subnet.private",
            "module.vpc.aws_vpc.this",
            "module.vpc.aws_vpc_ipv4_cidr_block_association.this"
          ],
          "create_before_destroy": true
        }
      ]
    },
    {
      "module": "module.eks",
      "mode": "managed",
      "type": "aws_iam_instance_profile",
      "name": "workers",
      "provider": "provider[\"registry.terraform.io/hashicorp/aws\"]",
      "instances": [
        {
          "index_key": 0,
          "schema_version": 0,
          "attributes": {
            "arn": "arn:aws:iam::809801096875:instance-profile/my-eks-cluster2021101211164852640000000a",
            "create_date": "2021-10-12T11:16:49Z",
            "id": "my-eks-cluster2021101211164852640000000a",
            "name": "my-eks-cluster2021101211164852640000000a",
            "name_prefix": "my-eks-cluster",
            "path": "/",
            "role": "my-eks-cluster20211012111643204400000009",
            "tags": null,
            "tags_all": {},
            "unique_id": "AIPA3ZC7ID2VVKRZ34V6Q"
          },
          "sensitive_attributes": [],
          "private": "bnVsbA==",
          "dependencies": [
            "data.aws_availability_zones.available",
            "module.eks.aws_cloudwatch_log_group.this",
            "module.eks.aws_eks_cluster.this",
            "module.eks.aws_iam_role.cluster",
            "module.eks.aws_iam_role.workers",
            "module.eks.aws_iam_role_policy_attachment.cluster_AmazonEKSClusterPolicy",
            "module.eks.aws_iam_role_policy_attachment.cluster_AmazonEKSServicePolicy",
            "module.eks.aws_iam_role_policy_attachment.cluster_AmazonEKSVPCResourceControllerPolicy",
            "module.eks.aws_security_group.cluster",
            "module.eks.aws_security_group.workers",
            "module.eks.aws_security_group_rule.cluster_egress_internet",
            "module.eks.aws_security_group_rule.cluster_https_worker_ingress",
            "module.eks.data.aws_iam_policy_document.cluster_assume_role_policy",
            "module.eks.data.aws_iam_policy_document.workers_assume_role_policy",
            "module.eks.data.aws_iam_role.custom_cluster_iam_role",
            "module.eks.data.aws_partition.current",
            "module.vpc.aws_subnet.private",
            "module.vpc.aws_vpc.this",
            "module.vpc.aws_vpc_ipv4_cidr_block_association.this"
          ],
          "create_before_destroy": true
        }
      ]
    },
    {
      "module": "module.eks",
      "mode": "managed",
      "type": "aws_iam_policy",
      "name": "cluster_elb_sl_role_creation",
      "provider": "provider[\"registry.terraform.io/hashicorp/aws\"]",
      "instances": [
        {
          "index_key": 0,
          "schema_version": 0,
          "attributes": {
            "arn": "arn:aws:iam::809801096875:policy/my-eks-cluster-elb-sl-role-creation20211012110543672800000001",
            "description": "Permissions for EKS to create AWSServiceRoleForElasticLoadBalancing service-linked role",
            "id": "arn:aws:iam::809801096875:policy/my-eks-cluster-elb-sl-role-creation20211012110543672800000001",
            "name": "my-eks-cluster-elb-sl-role-creation20211012110543672800000001",
            "name_prefix": "my-eks-cluster-elb-sl-role-creation",
            "path": "/",
            "policy": "{\n  \"Version\": \"2012-10-17\",\n  \"Statement\": [\n    {\n      \"Sid\": \"\",\n      \"Effect\": \"Allow\",\n      \"Action\": [\n        \"ec2:DescribeInternetGateways\",\n        \"ec2:DescribeAddresses\",\n        \"ec2:DescribeAccountAttributes\"\n      ],\n      \"Resource\": \"*\"\n    }\n  ]\n}",
            "policy_id": "ANPA3ZC7ID2VT3CJEDOPH",
            "tags": null,
            "tags_all": {}
          },
          "sensitive_attributes": [],
          "private": "bnVsbA==",
          "dependencies": [
            "module.eks.data.aws_iam_policy_document.cluster_elb_sl_role_creation"
          ]
        }
      ]
    },
    {
      "module": "module.eks",
      "mode": "managed",
      "type": "aws_iam_role",
      "name": "cluster",
      "provider": "provider[\"registry.terraform.io/hashicorp/aws\"]",
      "instances": [
        {
          "index_key": 0,
          "schema_version": 0,
          "attributes": {
            "arn": "arn:aws:iam::809801096875:role/my-eks-cluster20211012110543672900000002",
            "assume_role_policy": "{\"Version\":\"2012-10-17\",\"Statement\":[{\"Sid\":\"EKSClusterAssumeRole\",\"Effect\":\"Allow\",\"Principal\":{\"Service\":\"eks.amazonaws.com\"},\"Action\":\"sts:AssumeRole\"}]}",
            "create_date": "2021-10-12T11:05:45Z",
            "description": "",
            "force_detach_policies": true,
            "id": "my-eks-cluster20211012110543672900000002",
            "inline_policy": [
              {
                "name": "",
                "policy": ""
              }
            ],
            "managed_policy_arns": [],
            "max_session_duration": 3600,
            "name": "my-eks-cluster20211012110543672900000002",
            "name_prefix": "my-eks-cluster",
            "path": "/",
            "permissions_boundary": null,
            "tags": null,
            "tags_all": {},
            "unique_id": "AROA3ZC7ID2V4JB5VRMLZ"
          },
          "sensitive_attributes": [],
          "private": "bnVsbA==",
          "dependencies": [
            "module.eks.data.aws_iam_policy_document.cluster_assume_role_policy"
          ],
          "create_before_destroy": true
        }
      ]
    },
    {
      "module": "module.eks",
      "mode": "managed",
      "type": "aws_iam_role",
      "name": "workers",
      "provider": "provider[\"registry.terraform.io/hashicorp/aws\"]",
      "instances": [
        {
          "index_key": 0,
          "schema_version": 0,
          "attributes": {
            "arn": "arn:aws:iam::809801096875:role/my-eks-cluster20211012111643204400000009",
            "assume_role_policy": "{\"Version\":\"2012-10-17\",\"Statement\":[{\"Sid\":\"EKSWorkerAssumeRole\",\"Effect\":\"Allow\",\"Principal\":{\"Service\":\"ec2.amazonaws.com\"},\"Action\":\"sts:AssumeRole\"}]}",
            "create_date": "2021-10-12T11:16:44Z",
            "description": "",
            "force_detach_policies": true,
            "id": "my-eks-cluster20211012111643204400000009",
            "inline_policy": [
              {
                "name": "",
                "policy": ""
              }
            ],
            "managed_policy_arns": [],
            "max_session_duration": 3600,
            "name": "my-eks-cluster20211012111643204400000009",
            "name_prefix": "my-eks-cluster",
            "path": "/",
            "permissions_boundary": null,
            "tags": null,
            "tags_all": {},
            "unique_id": "AROA3ZC7ID2V7CTXWC5T6"
          },
          "sensitive_attributes": [],
          "private": "bnVsbA==",
          "dependencies": [
            "data.aws_availability_zones.available",
            "module.eks.aws_cloudwatch_log_group.this",
            "module.eks.aws_eks_cluster.this",
            "module.eks.aws_iam_role.cluster",
            "module.eks.aws_iam_role_policy_attachment.cluster_AmazonEKSClusterPolicy",
            "module.eks.aws_iam_role_policy_attachment.cluster_AmazonEKSServicePolicy",
            "module.eks.aws_iam_role_policy_attachment.cluster_AmazonEKSVPCResourceControllerPolicy",
            "module.eks.aws_security_group.cluster",
            "module.eks.aws_security_group.workers",
            "module.eks.aws_security_group_rule.cluster_egress_internet",
            "module.eks.aws_security_group_rule.cluster_https_worker_ingress",
            "module.eks.data.aws_iam_policy_document.cluster_assume_role_policy",
            "module.eks.data.aws_iam_policy_document.workers_assume_role_policy",
            "module.eks.data.aws_iam_role.custom_cluster_iam_role",
            "module.eks.data.aws_partition.current",
            "module.vpc.aws_subnet.private",
            "module.vpc.aws_vpc.this",
            "module.vpc.aws_vpc_ipv4_cidr_block_association.this"
          ],
          "create_before_destroy": true
        }
      ]
    },
    {
      "module": "module.eks",
      "mode": "managed",
      "type": "aws_iam_role_policy_attachment",
      "name": "cluster_AmazonEKSClusterPolicy",
      "provider": "provider[\"registry.terraform.io/hashicorp/aws\"]",
      "instances": [
        {
          "index_key": 0,
          "schema_version": 0,
          "attributes": {
            "id": "my-eks-cluster20211012110543672900000002-20211012110550003100000006",
            "policy_arn": "arn:aws:iam::aws:policy/AmazonEKSClusterPolicy",
            "role": "my-eks-cluster20211012110543672900000002"
          },
          "sensitive_attributes": [],
          "private": "bnVsbA==",
          "dependencies": [
            "module.eks.aws_iam_role.cluster",
            "module.eks.data.aws_iam_policy_document.cluster_assume_role_policy",
            "module.eks.data.aws_partition.current"
          ],
          "create_before_destroy": true
        }
      ]
    },
    {
      "module": "module.eks",
      "mode": "managed",
      "type": "aws_iam_role_policy_attachment",
      "name": "cluster_AmazonEKSServicePolicy",
      "provider": "provider[\"registry.terraform.io/hashicorp/aws\"]",
      "instances": [
        {
          "index_key": 0,
          "schema_version": 0,
          "attributes": {
            "id": "my-eks-cluster20211012110543672900000002-20211012110549947800000004",
            "policy_arn": "arn:aws:iam::aws:policy/AmazonEKSServicePolicy",
            "role": "my-eks-cluster20211012110543672900000002"
          },
          "sensitive_attributes": [],
          "private": "bnVsbA==",
          "dependencies": [
            "module.eks.aws_iam_role.cluster",
            "module.eks.data.aws_iam_policy_document.cluster_assume_role_policy",
            "module.eks.data.aws_partition.current"
          ],
          "create_before_destroy": true
        }
      ]
    },
    {
      "module": "module.eks",
      "mode": "managed",
      "type": "aws_iam_role_policy_attachment",
      "name": "cluster_AmazonEKSVPCResourceControllerPolicy",
      "provider": "provider[\"registry.terraform.io/hashicorp/aws\"]",
      "instances": [
        {
          "index_key": 0,
          "schema_version": 0,
          "attributes": {
            "id": "my-eks-cluster20211012110543672900000002-20211012110549947700000003",
            "policy_arn": "arn:aws:iam::aws:policy/AmazonEKSVPCResourceController",
            "role": "my-eks-cluster20211012110543672900000002"
          },
          "sensitive_attributes": [],
          "private": "bnVsbA==",
          "dependencies": [
            "module.eks.aws_iam_role.cluster",
            "module.eks.data.aws_iam_policy_document.cluster_assume_role_policy",
            "module.eks.data.aws_partition.current"
          ],
          "create_before_destroy": true
        }
      ]
    },
    {
      "module": "module.eks",
      "mode": "managed",
      "type": "aws_iam_role_policy_attachment",
      "name": "cluster_elb_sl_role_creation",
      "provider": "provider[\"registry.terraform.io/hashicorp/aws\"]",
      "instances": [
        {
          "index_key": 0,
          "schema_version": 0,
          "attributes": {
            "id": "my-eks-cluster20211012110543672900000002-20211012110549994200000005",
            "policy_arn": "arn:aws:iam::809801096875:policy/my-eks-cluster-elb-sl-role-creation20211012110543672800000001",
            "role": "my-eks-cluster20211012110543672900000002"
          },
          "sensitive_attributes": [],
          "private": "bnVsbA==",
          "dependencies": [
            "module.eks.aws_iam_policy.cluster_elb_sl_role_creation",
            "module.eks.aws_iam_role.cluster",
            "module.eks.data.aws_iam_policy_document.cluster_assume_role_policy",
            "module.eks.data.aws_iam_policy_document.cluster_elb_sl_role_creation"
          ]
        }
      ]
    },
    {
      "module": "module.eks",
      "mode": "managed",
      "type": "aws_iam_role_policy_attachment",
      "name": "workers_AmazonEC2ContainerRegistryReadOnly",
      "provider": "provider[\"registry.terraform.io/hashicorp/aws\"]",
      "instances": [
        {
          "index_key": 0,
          "schema_version": 0,
          "attributes": {
            "id": "my-eks-cluster20211012111643204400000009-2021101211164974990000000d",
            "policy_arn": "arn:aws:iam::aws:policy/AmazonEC2ContainerRegistryReadOnly",
            "role": "my-eks-cluster20211012111643204400000009"
          },
          "sensitive_attributes": [],
          "private": "bnVsbA==",
          "dependencies": [
            "data.aws_availability_zones.available",
            "module.eks.aws_cloudwatch_log_group.this",
            "module.eks.aws_eks_cluster.this",
            "module.eks.aws_iam_role.cluster",
            "module.eks.aws_iam_role.workers",
            "module.eks.aws_iam_role_policy_attachment.cluster_AmazonEKSClusterPolicy",
            "module.eks.aws_iam_role_policy_attachment.cluster_AmazonEKSServicePolicy",
            "module.eks.aws_iam_role_policy_attachment.cluster_AmazonEKSVPCResourceControllerPolicy",
            "module.eks.aws_security_group.cluster",
            "module.eks.aws_security_group.workers",
            "module.eks.aws_security_group_rule.cluster_egress_internet",
            "module.eks.aws_security_group_rule.cluster_https_worker_ingress",
            "module.eks.data.aws_iam_policy_document.cluster_assume_role_policy",
            "module.eks.data.aws_iam_policy_document.workers_assume_role_policy",
            "module.eks.data.aws_iam_role.custom_cluster_iam_role",
            "module.eks.data.aws_partition.current",
            "module.vpc.aws_subnet.private",
            "module.vpc.aws_vpc.this",
            "module.vpc.aws_vpc_ipv4_cidr_block_association.this"
          ],
          "create_before_destroy": true
        }
      ]
    },
    {
      "module": "module.eks",
      "mode": "managed",
      "type": "aws_iam_role_policy_attachment",
      "name": "workers_AmazonEKSWorkerNodePolicy",
      "provider": "provider[\"registry.terraform.io/hashicorp/aws\"]",
      "instances": [
        {
          "index_key": 0,
          "schema_version": 0,
          "attributes": {
            "id": "my-eks-cluster20211012111643204400000009-2021101211164972440000000c",
            "policy_arn": "arn:aws:iam::aws:policy/AmazonEKSWorkerNodePolicy",
            "role": "my-eks-cluster20211012111643204400000009"
          },
          "sensitive_attributes": [],
          "private": "bnVsbA==",
          "dependencies": [
            "data.aws_availability_zones.available",
            "module.eks.aws_cloudwatch_log_group.this",
            "module.eks.aws_eks_cluster.this",
            "module.eks.aws_iam_role.cluster",
            "module.eks.aws_iam_role.workers",
            "module.eks.aws_iam_role_policy_attachment.cluster_AmazonEKSClusterPolicy",
            "module.eks.aws_iam_role_policy_attachment.cluster_AmazonEKSServicePolicy",
            "module.eks.aws_iam_role_policy_attachment.cluster_AmazonEKSVPCResourceControllerPolicy",
            "module.eks.aws_security_group.cluster",
            "module.eks.aws_security_group.workers",
            "module.eks.aws_security_group_rule.cluster_egress_internet",
            "module.eks.aws_security_group_rule.cluster_https_worker_ingress",
            "module.eks.data.aws_iam_policy_document.cluster_assume_role_policy",
            "module.eks.data.aws_iam_policy_document.workers_assume_role_policy",
            "module.eks.data.aws_iam_role.custom_cluster_iam_role",
            "module.eks.data.aws_partition.current",
            "module.vpc.aws_subnet.private",
            "module.vpc.aws_vpc.this",
            "module.vpc.aws_vpc_ipv4_cidr_block_association.this"
          ],
          "create_before_destroy": true
        }
      ]
    },
    {
      "module": "module.eks",
      "mode": "managed",
      "type": "aws_iam_role_policy_attachment",
      "name": "workers_AmazonEKS_CNI_Policy",
      "provider": "provider[\"registry.terraform.io/hashicorp/aws\"]",
      "instances": [
        {
          "index_key": 0,
          "schema_version": 0,
          "attributes": {
            "id": "my-eks-cluster20211012111643204400000009-2021101211164968330000000b",
            "policy_arn": "arn:aws:iam::aws:policy/AmazonEKS_CNI_Policy",
            "role": "my-eks-cluster20211012111643204400000009"
          },
          "sensitive_attributes": [],
          "private": "bnVsbA==",
          "dependencies": [
            "data.aws_availability_zones.available",
            "module.eks.aws_cloudwatch_log_group.this",
            "module.eks.aws_eks_cluster.this",
            "module.eks.aws_iam_role.cluster",
            "module.eks.aws_iam_role.workers",
            "module.eks.aws_iam_role_policy_attachment.cluster_AmazonEKSClusterPolicy",
            "module.eks.aws_iam_role_policy_attachment.cluster_AmazonEKSServicePolicy",
            "module.eks.aws_iam_role_policy_attachment.cluster_AmazonEKSVPCResourceControllerPolicy",
            "module.eks.aws_security_group.cluster",
            "module.eks.aws_security_group.workers",
            "module.eks.aws_security_group_rule.cluster_egress_internet",
            "module.eks.aws_security_group_rule.cluster_https_worker_ingress",
            "module.eks.data.aws_iam_policy_document.cluster_assume_role_policy",
            "module.eks.data.aws_iam_policy_document.workers_assume_role_policy",
            "module.eks.data.aws_iam_role.custom_cluster_iam_role",
            "module.eks.data.aws_partition.current",
            "module.vpc.aws_subnet.private",
            "module.vpc.aws_vpc.this",
            "module.vpc.aws_vpc_ipv4_cidr_block_association.this"
          ],
          "create_before_destroy": true
        }
      ]
    },
    {
      "module": "module.eks",
      "mode": "managed",
      "type": "aws_launch_configuration",
      "name": "workers",
      "provider": "provider[\"registry.terraform.io/hashicorp/aws\"]",
      "instances": [
        {
          "index_key": 0,
          "schema_version": 0,
          "attributes": {
            "arn": "arn:aws:autoscaling:us-west-2:809801096875:launchConfiguration:e4d16bb1-e81c-4bcf-85da-53387ecf218d:launchConfigurationName/my-eks-cluster-02021101211165218210000000e",
            "associate_public_ip_address": false,
            "ebs_block_device": [],
            "ebs_optimized": true,
            "enable_monitoring": true,
            "ephemeral_block_device": [],
            "iam_instance_profile": "my-eks-cluster2021101211164852640000000a",
            "id": "my-eks-cluster-02021101211165218210000000e",
            "image_id": "ami-06f175a2687bd1c1e",
            "instance_type": "m4.large",
            "key_name": "",
            "metadata_options": [
              {
                "http_endpoint": "enabled",
                "http_put_response_hop_limit": 1,
                "http_tokens": "optional"
              }
            ],
            "name": "my-eks-cluster-02021101211165218210000000e",
            "name_prefix": "my-eks-cluster-0",
            "placement_tenancy": "",
            "root_block_device": [
              {
                "delete_on_termination": true,
                "encrypted": false,
                "iops": 0,
                "throughput": 0,
                "volume_size": 100,
                "volume_type": "gp2"
              }
            ],
            "security_groups": [
              "sg-09cc1905b9daf669a"
            ],
            "spot_price": "",
            "user_data": null,
            "user_data_base64": "IyEvYmluL2Jhc2ggLWUKCiMgQWxsb3cgdXNlciBzdXBwbGllZCBwcmUgdXNlcmRhdGEgY29kZQoKCiMgQm9vdHN0cmFwIGFuZCBqb2luIHRoZSBjbHVzdGVyCi9ldGMvZWtzL2Jvb3RzdHJhcC5zaCAtLWI2NC1jbHVzdGVyLWNhICdMUzB0TFMxQ1JVZEpUaUJEUlZKVVNVWkpRMEZVUlMwdExTMHRDazFKU1VNMWVrTkRRV01yWjBGM1NVSkJaMGxDUVVSQlRrSm5hM0ZvYTJsSE9YY3dRa0ZSYzBaQlJFRldUVkpOZDBWUldVUldVVkZFUlhkd2NtUlhTbXdLWTIwMWJHUkhWbnBOUWpSWVJGUkplRTFVUVhoTmFrVjRUVlJKTUUxR2IxaEVWRTE0VFZSQmVFMUVSWGhOVkVrd1RVWnZkMFpVUlZSTlFrVkhRVEZWUlFwQmVFMUxZVE5XYVZwWVNuVmFXRkpzWTNwRFEwRlRTWGRFVVZsS1MyOWFTV2gyWTA1QlVVVkNRbEZCUkdkblJWQkJSRU5EUVZGdlEyZG5SVUpCUzFoU0NpczVUVEJ2TDNCVk1IRnhObE4yVmtwUVlrMW1ZM0V3VERCbk5YWjRkR1ZJUVRreVlXSnBWeko2T1ZCb1J6Y3JVMFpUZFdWNVdVZDRiMjlTVlhWRFRUa0tRakZpWlRSTlVFOTBUVzRyU0RSVVpYWkVjMjFuTWtaRlltRldTSEkxWjNKeVZYZ3lZMU12V2tsRFJHUm1aVmxQZFhSMUwyeFhTRVpLYUdFMWRDc3JWd296YWpGME5YRnlUemxHWW5kMVZEWjJiMFJMUlc0dmRpOVdia3BWU0doWWVWbzJWMHR1YTJ0VFNUVnlTQ3Q2YlhWa05DOVJSRGQ1SzIxa2RYTlNUMVZxQ21oamJIaEJaR0Y0VkRsSVoweEJVbTVPZVdzMGMzcDNTbEZOZFhwWk9UVnZWaXQ1YTBRMVdWazRZVk5rVlVGclMyaGhNVVZEWldrMWFVUndTRFpHUmtnS2FGUllZMjlKVUdkd1NUWTJhVzFGWWswdlYybHBRa3AwZW5nNWJIRlpNelpHU25CS1pqUnVabm96YzA4M0wwbEhRamR1VVhWclVtOWllamh3YzNaV2Jnb3JhVFJhUnpjME5IVllVRU5ZY1hGa2FFMU5RMEYzUlVGQllVNURUVVZCZDBSbldVUldVakJRUVZGSUwwSkJVVVJCWjB0clRVRTRSMEV4VldSRmQwVkNDaTkzVVVaTlFVMUNRV1k0ZDBoUldVUldVakJQUWtKWlJVWkxVRmh5WWtKWWVIRnlVR0V5YkRCTmNXRkNaVTUzWjIxSmNISk5RVEJIUTFOeFIxTkpZak1LUkZGRlFrTjNWVUZCTkVsQ1FWRkJjMGRrYlNzNFJHNVBTMUJyWTJkV2RGWTViME5JUTNWemRHVlhWVTFzT0dwRVdFcHBTVFJJWjJGU1YxVlVMM2NyVndwUlQyOWpjVlptZDNSeFFrVlhOakp2WjJoT01XcGtVV2xTYURSWFVraEtZMDVwWlVkNk1YWnFTVXAxT1RGaFdWbFBaM1U0Y1dWaWJFa3ZZVzF0TWpSbENpOVRXR3BDVG0xeWFFOXFRbXc0UlU5VlJGQXpRMjFsTmxvMWMzRTJXV013UVUwNFZqbE9XV2xJYWpkak9IbDVSRWhGVjJKQk1UQkNPRmxVYlZocmIzWUtNR1V3YjNFdk1WbEtOVWd5U25RelRrcDRka3RqT0hCbUswbERZa0pYTkdWaFUyTnBTa1pLUTI1WmNUQjNOVzlqWW1oaGNXZERLMlZYZDNBNFlsWnVkUW81V1hkbWRYbFFZbnBRTDBweFZuSk1NblUwYlZaWFJrbGtTMmgwY1UxNFYwdEJjbmhTTW5ZNVNHOXJTak01V0dNd1ZYSnZWR3R0ZUhSbmFUSXhhRGxwQ25jMk1ESm5NM2hyY0ZkbGNsQnFXa0ZVY1VSTFZXNVJRWGxSZVZwcFV6Tm5aMFp4Y3dvdExTMHRMVVZPUkNCRFJWSlVTVVpKUTBGVVJTMHRMUzB0Q2c9PScgLS1hcGlzZXJ2ZXItZW5kcG9pbnQgJ2h0dHBzOi8vMjI0MTlENEM3QzE5RTkzOEU1QTc5RkYyMUFFQjhFMzMuZ3I3LnVzLXdlc3QtMi5la3MuYW1hem9uYXdzLmNvbScgIC0ta3ViZWxldC1leHRyYS1hcmdzICIiICdteS1la3MtY2x1c3RlcicKCiMgQWxsb3cgdXNlciBzdXBwbGllZCB1c2VyZGF0YSBjb2RlCgo=",
            "vpc_classic_link_id": "",
            "vpc_classic_link_security_groups": null
          },
          "sensitive_attributes": [],
          "private": "bnVsbA==",
          "dependencies": [
            "data.aws_availability_zones.available",
            "module.eks.aws_cloudwatch_log_group.this",
            "module.eks.aws_eks_cluster.this",
            "module.eks.aws_iam_instance_profile.workers",
            "module.eks.aws_iam_role.cluster",
            "module.eks.aws_iam_role.workers",
            "module.eks.aws_iam_role_policy_attachment.cluster_AmazonEKSClusterPolicy",
            "module.eks.aws_iam_role_policy_attachment.cluster_AmazonEKSServicePolicy",
            "module.eks.aws_iam_role_policy_attachment.cluster_AmazonEKSVPCResourceControllerPolicy",
            "module.eks.aws_iam_role_policy_attachment.workers_AmazonEC2ContainerRegistryReadOnly",
            "module.eks.aws_iam_role_policy_attachment.workers_AmazonEKSWorkerNodePolicy",
            "module.eks.aws_iam_role_policy_attachment.workers_AmazonEKS_CNI_Policy",
            "module.eks.aws_iam_role_policy_attachment.workers_additional_policies",
            "module.eks.aws_security_group.cluster",
            "module.eks.aws_security_group.workers",
            "module.eks.aws_security_group_rule.cluster_egress_internet",
            "module.eks.aws_security_group_rule.cluster_https_worker_ingress",
            "module.eks.aws_security_group_rule.cluster_primary_ingress_workers",
            "module.eks.aws_security_group_rule.workers_egress_internet",
            "module.eks.aws_security_group_rule.workers_ingress_cluster",
            "module.eks.aws_security_group_rule.workers_ingress_cluster_https",
            "module.eks.aws_security_group_rule.workers_ingress_cluster_kubelet",
            "module.eks.aws_security_group_rule.workers_ingress_cluster_primary",
            "module.eks.aws_security_group_rule.workers_ingress_self",
            "module.eks.data.aws_ami.eks_worker",
            "module.eks.data.aws_ami.eks_worker_windows",
            "module.eks.data.aws_iam_instance_profile.custom_worker_group_iam_instance_profile",
            "module.eks.data.aws_iam_policy_document.cluster_assume_role_policy",
            "module.eks.data.aws_iam_policy_document.workers_assume_role_policy",
            "module.eks.data.aws_iam_role.custom_cluster_iam_role",
            "module.eks.data.aws_partition.current",
            "module.vpc.aws_subnet.private",
            "module.vpc.aws_vpc.this",
            "module.vpc.aws_vpc_ipv4_cidr_block_association.this"
          ],
          "create_before_destroy": true
        }
      ]
    },
    {
      "module": "module.eks",
      "mode": "managed",
      "type": "aws_security_group",
      "name": "cluster",
      "provider": "provider[\"registry.terraform.io/hashicorp/aws\"]",
      "instances": [
        {
          "index_key": 0,
          "schema_version": 1,
          "attributes": {
            "arn": "arn:aws:ec2:us-west-2:809801096875:security-group/sg-0a7db2cb33a201b4a",
            "description": "EKS cluster security group.",
            "egress": [],
            "id": "sg-0a7db2cb33a201b4a",
            "ingress": [],
            "name": "my-eks-cluster20211012110612172200000007",
            "name_prefix": "my-eks-cluster",
            "owner_id": "809801096875",
            "revoke_rules_on_delete": false,
            "tags": {
              "Name": "my-eks-cluster-eks_cluster_sg"
            },
            "tags_all": {
              "Name": "my-eks-cluster-eks_cluster_sg"
            },
            "timeouts": null,
            "vpc_id": "vpc-0f74785e809807a82"
          },
          "sensitive_attributes": [],
          "private": "eyJlMmJmYjczMC1lY2FhLTExZTYtOGY4OC0zNDM2M2JjN2M0YzAiOnsiY3JlYXRlIjo2MDAwMDAwMDAwMDAsImRlbGV0ZSI6OTAwMDAwMDAwMDAwfSwic2NoZW1hX3ZlcnNpb24iOiIxIn0=",
          "dependencies": [
            "module.vpc.aws_vpc.this"
          ],
          "create_before_destroy": true
        }
      ]
    },
    {
      "module": "module.eks",
      "mode": "managed",
      "type": "aws_security_group",
      "name": "workers",
      "provider": "provider[\"registry.terraform.io/hashicorp/aws\"]",
      "instances": [
        {
          "index_key": 0,
          "schema_version": 1,
          "attributes": {
            "arn": "arn:aws:ec2:us-west-2:809801096875:security-group/sg-09cc1905b9daf669a",
            "description": "Security group for all nodes in the cluster.",
            "egress": [],
            "id": "sg-09cc1905b9daf669a",
            "ingress": [],
            "name": "my-eks-cluster20211012110612487300000008",
            "name_prefix": "my-eks-cluster",
            "owner_id": "809801096875",
            "revoke_rules_on_delete": false,
            "tags": {
              "Name": "my-eks-cluster-eks_worker_sg",
              "kubernetes.io/cluster/my-eks-cluster": "owned"
            },
            "tags_all": {
              "Name": "my-eks-cluster-eks_worker_sg",
              "kubernetes.io/cluster/my-eks-cluster": "owned"
            },
            "timeouts": null,
            "vpc_id": "vpc-0f74785e809807a82"
          },
          "sensitive_attributes": [],
          "private": "eyJlMmJmYjczMC1lY2FhLTExZTYtOGY4OC0zNDM2M2JjN2M0YzAiOnsiY3JlYXRlIjo2MDAwMDAwMDAwMDAsImRlbGV0ZSI6OTAwMDAwMDAwMDAwfSwic2NoZW1hX3ZlcnNpb24iOiIxIn0=",
          "dependencies": [
            "module.vpc.aws_vpc.this"
          ],
          "create_before_destroy": true
        }
      ]
    },
    {
      "module": "module.eks",
      "mode": "managed",
      "type": "aws_security_group_rule",
      "name": "cluster_egress_internet",
      "provider": "provider[\"registry.terraform.io/hashicorp/aws\"]",
      "instances": [
        {
          "index_key": 0,
          "schema_version": 2,
          "attributes": {
            "cidr_blocks": [
              "0.0.0.0/0"
            ],
            "description": "Allow cluster egress access to the Internet.",
            "from_port": 0,
            "id": "sgrule-1918413820",
            "ipv6_cidr_blocks": null,
            "prefix_list_ids": null,
            "protocol": "-1",
            "security_group_id": "sg-0a7db2cb33a201b4a",
            "self": false,
            "source_security_group_id": null,
            "to_port": 0,
            "type": "egress"
          },
          "sensitive_attributes": [],
          "private": "eyJzY2hlbWFfdmVyc2lvbiI6IjIifQ==",
          "dependencies": [
            "module.eks.aws_security_group.cluster",
            "module.vpc.aws_vpc.this"
          ],
          "create_before_destroy": true
        }
      ]
    },
    {
      "module": "module.eks",
      "mode": "managed",
      "type": "aws_security_group_rule",
      "name": "cluster_https_worker_ingress",
      "provider": "provider[\"registry.terraform.io/hashicorp/aws\"]",
      "instances": [
        {
          "index_key": 0,
          "schema_version": 2,
          "attributes": {
            "cidr_blocks": null,
            "description": "Allow pods to communicate with the EKS cluster API.",
            "from_port": 443,
            "id": "sgrule-1954566290",
            "ipv6_cidr_blocks": null,
            "prefix_list_ids": null,
            "protocol": "tcp",
            "security_group_id": "sg-0a7db2cb33a201b4a",
            "self": false,
            "source_security_group_id": "sg-09cc1905b9daf669a",
            "to_port": 443,
            "type": "ingress"
          },
          "sensitive_attributes": [],
          "private": "eyJzY2hlbWFfdmVyc2lvbiI6IjIifQ==",
          "dependencies": [
            "module.eks.aws_security_group.cluster",
            "module.eks.aws_security_group.workers",
            "module.vpc.aws_vpc.this"
          ],
          "create_before_destroy": true
        }
      ]
    },
    {
      "module": "module.eks",
      "mode": "managed",
      "type": "aws_security_group_rule",
      "name": "workers_egress_internet",
      "provider": "provider[\"registry.terraform.io/hashicorp/aws\"]",
      "instances": [
        {
          "index_key": 0,
          "schema_version": 2,
          "attributes": {
            "cidr_blocks": [
              "0.0.0.0/0"
            ],
            "description": "Allow nodes all egress to the Internet.",
            "from_port": 0,
            "id": "sgrule-3079390737",
            "ipv6_cidr_blocks": null,
            "prefix_list_ids": null,
            "protocol": "-1",
            "security_group_id": "sg-09cc1905b9daf669a",
            "self": false,
            "source_security_group_id": null,
            "to_port": 0,
            "type": "egress"
          },
          "sensitive_attributes": [],
          "private": "eyJzY2hlbWFfdmVyc2lvbiI6IjIifQ==",
          "dependencies": [
            "module.eks.aws_security_group.workers",
            "module.vpc.aws_vpc.this"
          ],
          "create_before_destroy": true
        }
      ]
    },
    {
      "module": "module.eks",
      "mode": "managed",
      "type": "aws_security_group_rule",
      "name": "workers_ingress_cluster",
      "provider": "provider[\"registry.terraform.io/hashicorp/aws\"]",
      "instances": [
        {
          "index_key": 0,
          "schema_version": 2,
          "attributes": {
            "cidr_blocks": null,
            "description": "Allow workers pods to receive communication from the cluster control plane.",
            "from_port": 1025,
            "id": "sgrule-3531300045",
            "ipv6_cidr_blocks": null,
            "prefix_list_ids": null,
            "protocol": "tcp",
            "security_group_id": "sg-09cc1905b9daf669a",
            "self": false,
            "source_security_group_id": "sg-0a7db2cb33a201b4a",
            "to_port": 65535,
            "type": "ingress"
          },
          "sensitive_attributes": [],
          "private": "eyJzY2hlbWFfdmVyc2lvbiI6IjIifQ==",
          "dependencies": [
            "module.eks.aws_security_group.cluster",
            "module.eks.aws_security_group.workers",
            "module.vpc.aws_vpc.this"
          ],
          "create_before_destroy": true
        }
      ]
    },
    {
      "module": "module.eks",
      "mode": "managed",
      "type": "aws_security_group_rule",
      "name": "workers_ingress_cluster_https",
      "provider": "provider[\"registry.terraform.io/hashicorp/aws\"]",
      "instances": [
        {
          "index_key": 0,
          "schema_version": 2,
          "attributes": {
            "cidr_blocks": null,
            "description": "Allow pods running extension API servers on port 443 to receive communication from cluster control plane.",
            "from_port": 443,
            "id": "sgrule-2387126925",
            "ipv6_cidr_blocks": null,
            "prefix_list_ids": null,
            "protocol": "tcp",
            "security_group_id": "sg-09cc1905b9daf669a",
            "self": false,
            "source_security_group_id": "sg-0a7db2cb33a201b4a",
            "to_port": 443,
            "type": "ingress"
          },
          "sensitive_attributes": [],
          "private": "eyJzY2hlbWFfdmVyc2lvbiI6IjIifQ==",
          "dependencies": [
            "module.eks.aws_security_group.cluster",
            "module.eks.aws_security_group.workers",
            "module.vpc.aws_vpc.this"
          ],
          "create_before_destroy": true
        }
      ]
    },
    {
      "module": "module.eks",
      "mode": "managed",
      "type": "aws_security_group_rule",
      "name": "workers_ingress_self",
      "provider": "provider[\"registry.terraform.io/hashicorp/aws\"]",
      "instances": [
        {
          "index_key": 0,
          "schema_version": 2,
          "attributes": {
            "cidr_blocks": null,
            "description": "Allow node to communicate with each other.",
            "from_port": 0,
            "id": "sgrule-2412655806",
            "ipv6_cidr_blocks": null,
            "prefix_list_ids": null,
            "protocol": "-1",
            "security_group_id": "sg-09cc1905b9daf669a",
            "self": false,
            "source_security_group_id": "sg-09cc1905b9daf669a",
            "to_port": 65535,
            "type": "ingress"
          },
          "sensitive_attributes": [],
          "private": "eyJzY2hlbWFfdmVyc2lvbiI6IjIifQ==",
          "dependencies": [
            "module.eks.aws_security_group.workers",
            "module.vpc.aws_vpc.this"
          ],
          "create_before_destroy": true
        }
      ]
    },
    {
      "module": "module.eks",
      "mode": "managed",
      "type": "kubernetes_config_map",
      "name": "aws_auth",
      "provider": "provider[\"registry.terraform.io/hashicorp/kubernetes\"]",
      "instances": [
        {
          "index_key": 0,
          "schema_version": 0,
          "attributes": {
            "binary_data": null,
            "data": {
              "mapAccounts": "[]\n",
              "mapRoles": "- \"groups\":\n  - \"system:bootstrappers\"\n  - \"system:nodes\"\n  \"rolearn\": \"arn:aws:iam::809801096875:role/my-eks-cluster20211012111643204400000009\"\n  \"username\": \"system:node:{{EC2PrivateDNSName}}\"\n",
              "mapUsers": "[]\n"
            },
            "id": "kube-system/aws-auth",
            "metadata": [
              {
                "annotations": null,
                "generate_name": "",
                "generation": 0,
                "labels": {
                  "app.kubernetes.io/managed-by": "Terraform",
                  "terraform.io/module": "terraform-aws-modules.eks.aws"
                },
                "name": "aws-auth",
                "namespace": "kube-system",
                "resource_version": "653",
                "uid": "3f14a653-f2ae-46b8-9bd8-5ec0a8362edf"
              }
            ]
          },
          "sensitive_attributes": [],
          "private": "bnVsbA==",
          "dependencies": [
            "data.aws_availability_zones.available",
            "data.aws_eks_cluster.cluster",
            "data.aws_eks_cluster_auth.cluster",
            "module.eks.aws_cloudwatch_log_group.this",
            "module.eks.aws_eks_cluster.this",
            "module.eks.aws_iam_instance_profile.workers",
            "module.eks.aws_iam_instance_profile.workers_launch_template",
            "module.eks.aws_iam_role.cluster",
            "module.eks.aws_iam_role.workers",
            "module.eks.aws_iam_role_policy_attachment.cluster_AmazonEKSClusterPolicy",
            "module.eks.aws_iam_role_policy_attachment.cluster_AmazonEKSServicePolicy",
            "module.eks.aws_iam_role_policy_attachment.cluster_AmazonEKSVPCResourceControllerPolicy",
            "module.eks.aws_security_group.cluster",
            "module.eks.aws_security_group.workers",
            "module.eks.aws_security_group_rule.cluster_egress_internet",
            "module.eks.aws_security_group_rule.cluster_https_worker_ingress",
            "module.eks.aws_security_group_rule.cluster_private_access_cidrs_source",
            "module.eks.aws_security_group_rule.cluster_private_access_sg_source",
            "module.eks.data.aws_ami.eks_worker",
            "module.eks.data.aws_ami.eks_worker_windows",
            "module.eks.data.aws_caller_identity.current",
            "module.eks.data.aws_iam_instance_profile.custom_worker_group_iam_instance_profile",
            "module.eks.data.aws_iam_instance_profile.custom_worker_group_launch_template_iam_instance_profile",
            "module.eks.data.aws_iam_policy_document.cluster_assume_role_policy",
            "module.eks.data.aws_iam_policy_document.workers_assume_role_policy",
            "module.eks.data.aws_iam_role.custom_cluster_iam_role",
            "module.eks.data.aws_partition.current",
            "module.eks.data.http.wait_for_cluster",
            "module.eks.module.fargate.aws_iam_role.eks_fargate_pod",
            "module.eks.module.fargate.data.aws_iam_role.custom_fargate_iam_role",
            "module.vpc.aws_subnet.private",
            "module.vpc.aws_vpc.this",
            "module.vpc.aws_vpc_ipv4_cidr_block_association.this"
          ]
        }
      ]
    },
    {
      "module": "module.eks",
      "mode": "managed",
      "type": "local_file",
      "name": "kubeconfig",
      "provider": "provider[\"registry.terraform.io/hashicorp/local\"]",
      "instances": [
        {
          "index_key": 0,
          "schema_version": 0,
          "attributes": {
            "content": "apiVersion: v1\npreferences: {}\nkind: Config\n\nclusters:\n- cluster:\n    server: https://22419D4C7C19E938E5A79FF21AEB8E33.gr7.us-west-2.eks.amazonaws.com\n    certificate-authority-data: LS0tLS1CRUdJTiBDRVJUSUZJQ0FURS0tLS0tCk1JSUM1ekNDQWMrZ0F3SUJBZ0lCQURBTkJna3Foa2lHOXcwQkFRc0ZBREFWTVJNd0VRWURWUVFERXdwcmRXSmwKY201bGRHVnpNQjRYRFRJeE1UQXhNakV4TVRJME1Gb1hEVE14TVRBeE1ERXhNVEkwTUZvd0ZURVRNQkVHQTFVRQpBeE1LYTNWaVpYSnVaWFJsY3pDQ0FTSXdEUVlKS29aSWh2Y05BUUVCQlFBRGdnRVBBRENDQVFvQ2dnRUJBS1hSCis5TTBvL3BVMHFxNlN2VkpQYk1mY3EwTDBnNXZ4dGVIQTkyYWJpVzJ6OVBoRzcrU0ZTdWV5WUd4b29SVXVDTTkKQjFiZTRNUE90TW4rSDRUZXZEc21nMkZFYmFWSHI1Z3JyVXgyY1MvWklDRGRmZVlPdXR1L2xXSEZKaGE1dCsrVwozajF0NXFyTzlGYnd1VDZ2b0RLRW4vdi9WbkpVSGhYeVo2V0tua2tTSTVySCt6bXVkNC9RRDd5K21kdXNST1VqCmhjbHhBZGF4VDlIZ0xBUm5OeWs0c3p3SlFNdXpZOTVvVit5a0Q1WVk4YVNkVUFrS2hhMUVDZWk1aURwSDZGRkgKaFRYY29JUGdwSTY2aW1FYk0vV2lpQkp0eng5bHFZMzZGSnBKZjRuZnozc083L0lHQjduUXVrUm9iejhwc3ZWbgoraTRaRzc0NHVYUENYcXFkaE1NQ0F3RUFBYU5DTUVBd0RnWURWUjBQQVFIL0JBUURBZ0trTUE4R0ExVWRFd0VCCi93UUZNQU1CQWY4d0hRWURWUjBPQkJZRUZLUFhyYkJYeHFyUGEybDBNcWFCZU53Z21JcHJNQTBHQ1NxR1NJYjMKRFFFQkN3VUFBNElCQVFBc0dkbSs4RG5PS1BrY2dWdFY5b0NIQ3VzdGVXVU1sOGpEWEppSTRIZ2FSV1VUL3crVwpRT29jcVZmd3RxQkVXNjJvZ2hOMWpkUWlSaDRXUkhKY05pZUd6MXZqSUp1OTFhWVlPZ3U4cWVibEkvYW1tMjRlCi9TWGpCTm1yaE9qQmw4RU9VRFAzQ21lNlo1c3E2WWMwQU04VjlOWWlIajdjOHl5REhFV2JBMTBCOFlUbVhrb3YKMGUwb3EvMVlKNUgySnQzTkp4dktjOHBmK0lDYkJXNGVhU2NpSkZKQ25ZcTB3NW9jYmhhcWdDK2VXd3A4YlZudQo5WXdmdXlQYnpQL0pxVnJMMnU0bVZXRklkS2h0cU14V0tBcnhSMnY5SG9rSjM5WGMwVXJvVGtteHRnaTIxaDlpCnc2MDJnM3hrcFdlclBqWkFUcURLVW5RQXlReVppUzNnZ0ZxcwotLS0tLUVORCBDRVJUSUZJQ0FURS0tLS0tCg==\n  name: eks_my-eks-cluster\n\ncontexts:\n- context:\n    cluster: eks_my-eks-cluster\n    user: eks_my-eks-cluster\n  name: eks_my-eks-cluster\n\ncurrent-context: eks_my-eks-cluster\n\nusers:\n- name: eks_my-eks-cluster\n  user:\n    exec:\n      apiVersion: client.authentication.k8s.io/v1alpha1\n      command: aws-iam-authenticator\n      args:\n        - \"token\"\n        - \"-i\"\n        - \"my-eks-cluster\"\n",
            "content_base64": null,
            "directory_permission": "0755",
            "file_permission": "0600",
            "filename": "./kubeconfig_my-eks-cluster",
            "id": "9f8d99119a3b1e4d3731d26cca213c91038b28ec",
            "sensitive_content": null,
            "source": null
          },
          "sensitive_attributes": [],
          "private": "bnVsbA==",
          "dependencies": [
            "data.aws_availability_zones.available",
            "module.eks.aws_cloudwatch_log_group.this",
            "module.eks.aws_eks_cluster.this",
            "module.eks.aws_iam_role.cluster",
            "module.eks.aws_iam_role_policy_attachment.cluster_AmazonEKSClusterPolicy",
            "module.eks.aws_iam_role_policy_attachment.cluster_AmazonEKSServicePolicy",
            "module.eks.aws_iam_role_policy_attachment.cluster_AmazonEKSVPCResourceControllerPolicy",
            "module.eks.aws_security_group.cluster",
            "module.eks.aws_security_group.workers",
            "module.eks.aws_security_group_rule.cluster_egress_internet",
            "module.eks.aws_security_group_rule.cluster_https_worker_ingress",
            "module.eks.data.aws_iam_policy_document.cluster_assume_role_policy",
            "module.eks.data.aws_iam_role.custom_cluster_iam_role",
            "module.eks.data.aws_partition.current",
            "module.vpc.aws_subnet.private",
            "module.vpc.aws_vpc.this",
            "module.vpc.aws_vpc_ipv4_cidr_block_association.this"
          ]
        }
      ]
    },
    {
      "module": "module.eks.module.fargate",
      "mode": "data",
      "type": "aws_partition",
      "name": "current",
      "provider": "provider[\"registry.terraform.io/hashicorp/aws\"]",
      "instances": [
        {
          "schema_version": 0,
          "attributes": {
            "dns_suffix": "amazonaws.com",
            "id": "aws",
            "partition": "aws",
            "reverse_dns_prefix": "com.amazonaws"
          },
          "sensitive_attributes": []
        }
      ]
    },
    {
      "module": "module.vpc",
      "mode": "managed",
      "type": "aws_eip",
      "name": "nat",
      "provider": "provider[\"registry.terraform.io/hashicorp/aws\"]",
      "instances": [
        {
          "index_key": 0,
          "schema_version": 0,
          "attributes": {
            "address": null,
            "allocation_id": null,
            "associate_with_private_ip": null,
            "association_id": "",
            "carrier_ip": "",
            "customer_owned_ip": "",
            "customer_owned_ipv4_pool": "",
            "domain": "vpc",
            "id": "eipalloc-0538763e08ee98b87",
            "instance": "",
            "network_border_group": "us-west-2",
            "network_interface": "",
            "private_dns": null,
            "private_ip": "",
            "public_dns": "ec2-52-13-108-71.us-west-2.compute.amazonaws.com",
            "public_ip": "52.13.108.71",
            "public_ipv4_pool": "amazon",
            "tags": {
              "Environment": "Test",
              "Name": "my-vpc-us-west-2a",
              "Terraform": "true"
            },
            "tags_all": {
              "Environment": "Test",
              "Name": "my-vpc-us-west-2a",
              "Terraform": "true"
            },
            "timeouts": null,
            "vpc": true
          },
          "sensitive_attributes": [],
          "private": "eyJlMmJmYjczMC1lY2FhLTExZTYtOGY4OC0zNDM2M2JjN2M0YzAiOnsiZGVsZXRlIjoxODAwMDAwMDAwMDAsInJlYWQiOjkwMDAwMDAwMDAwMCwidXBkYXRlIjozMDAwMDAwMDAwMDB9fQ==",
          "dependencies": [
            "data.aws_availability_zones.available"
          ]
        },
        {
          "index_key": 1,
          "schema_version": 0,
          "attributes": {
            "address": null,
            "allocation_id": null,
            "associate_with_private_ip": null,
            "association_id": "",
            "carrier_ip": "",
            "customer_owned_ip": "",
            "customer_owned_ipv4_pool": "",
            "domain": "vpc",
            "id": "eipalloc-0aed75df541bc9cd3",
            "instance": "",
            "network_border_group": "us-west-2",
            "network_interface": "",
            "private_dns": null,
            "private_ip": "",
            "public_dns": "ec2-52-27-124-0.us-west-2.compute.amazonaws.com",
            "public_ip": "52.27.124.0",
            "public_ipv4_pool": "amazon",
            "tags": {
              "Environment": "Test",
              "Name": "my-vpc-us-west-2b",
              "Terraform": "true"
            },
            "tags_all": {
              "Environment": "Test",
              "Name": "my-vpc-us-west-2b",
              "Terraform": "true"
            },
            "timeouts": null,
            "vpc": true
          },
          "sensitive_attributes": [],
          "private": "eyJlMmJmYjczMC1lY2FhLTExZTYtOGY4OC0zNDM2M2JjN2M0YzAiOnsiZGVsZXRlIjoxODAwMDAwMDAwMDAsInJlYWQiOjkwMDAwMDAwMDAwMCwidXBkYXRlIjozMDAwMDAwMDAwMDB9fQ==",
          "dependencies": [
            "data.aws_availability_zones.available"
          ]
        },
        {
          "index_key": 2,
          "schema_version": 0,
          "attributes": {
            "address": null,
            "allocation_id": null,
            "associate_with_private_ip": null,
            "association_id": "",
            "carrier_ip": "",
            "customer_owned_ip": "",
            "customer_owned_ipv4_pool": "",
            "domain": "vpc",
            "id": "eipalloc-0a5b2fc81349bcecc",
            "instance": "",
            "network_border_group": "us-west-2",
            "network_interface": "",
            "private_dns": null,
            "private_ip": "",
            "public_dns": "ec2-35-83-223-122.us-west-2.compute.amazonaws.com",
            "public_ip": "35.83.223.122",
            "public_ipv4_pool": "amazon",
            "tags": {
              "Environment": "Test",
              "Name": "my-vpc-us-west-2c",
              "Terraform": "true"
            },
            "tags_all": {
              "Environment": "Test",
              "Name": "my-vpc-us-west-2c",
              "Terraform": "true"
            },
            "timeouts": null,
            "vpc": true
          },
          "sensitive_attributes": [],
          "private": "eyJlMmJmYjczMC1lY2FhLTExZTYtOGY4OC0zNDM2M2JjN2M0YzAiOnsiZGVsZXRlIjoxODAwMDAwMDAwMDAsInJlYWQiOjkwMDAwMDAwMDAwMCwidXBkYXRlIjozMDAwMDAwMDAwMDB9fQ==",
          "dependencies": [
            "data.aws_availability_zones.available"
          ]
        }
      ]
    },
    {
      "module": "module.vpc",
      "mode": "managed",
      "type": "aws_internet_gateway",
      "name": "this",
      "provider": "provider[\"registry.terraform.io/hashicorp/aws\"]",
      "instances": [
        {
          "index_key": 0,
          "schema_version": 0,
          "attributes": {
            "arn": "arn:aws:ec2:us-west-2:809801096875:internet-gateway/igw-02f9ccea9297c4a51",
            "id": "igw-02f9ccea9297c4a51",
            "owner_id": "809801096875",
            "tags": {
              "Environment": "Test",
              "Name": "my-vpc",
              "Terraform": "true"
            },
            "tags_all": {
              "Environment": "Test",
              "Name": "my-vpc",
              "Terraform": "true"
            },
            "vpc_id": "vpc-0f74785e809807a82"
          },
          "sensitive_attributes": [],
          "private": "bnVsbA==",
          "dependencies": [
            "module.vpc.aws_vpc.this",
            "module.vpc.aws_vpc_ipv4_cidr_block_association.this"
          ]
        }
      ]
    },
    {
      "module": "module.vpc",
      "mode": "managed",
      "type": "aws_nat_gateway",
      "name": "this",
      "provider": "provider[\"registry.terraform.io/hashicorp/aws\"]",
      "instances": [
        {
          "index_key": 0,
          "schema_version": 0,
          "attributes": {
            "allocation_id": "eipalloc-0538763e08ee98b87",
            "connectivity_type": "public",
            "id": "nat-035db60aedaa76cc9",
            "network_interface_id": "eni-09f6dfb4450667d88",
            "private_ip": "10.0.101.138",
            "public_ip": "52.13.108.71",
            "subnet_id": "subnet-0c96a72037112e2c0",
            "tags": {
              "Environment": "Test",
              "Name": "my-vpc-us-west-2a",
              "Terraform": "true"
            },
            "tags_all": {
              "Environment": "Test",
              "Name": "my-vpc-us-west-2a",
              "Terraform": "true"
            }
          },
          "sensitive_attributes": [],
          "private": "bnVsbA==",
          "dependencies": [
            "data.aws_availability_zones.available",
            "module.vpc.aws_eip.nat",
            "module.vpc.aws_internet_gateway.this",
            "module.vpc.aws_subnet.public",
            "module.vpc.aws_vpc.this",
            "module.vpc.aws_vpc_ipv4_cidr_block_association.this"
          ]
        },
        {
          "index_key": 1,
          "schema_version": 0,
          "attributes": {
            "allocation_id": "eipalloc-0aed75df541bc9cd3",
            "connectivity_type": "public",
            "id": "nat-0d867ba36c9a2bc8d",
            "network_interface_id": "eni-0a67c3a8de2ad11ac",
            "private_ip": "10.0.102.9",
            "public_ip": "52.27.124.0",
            "subnet_id": "subnet-05caab9c4ae1ad7c0",
            "tags": {
              "Environment": "Test",
              "Name": "my-vpc-us-west-2b",
              "Terraform": "true"
            },
            "tags_all": {
              "Environment": "Test",
              "Name": "my-vpc-us-west-2b",
              "Terraform": "true"
            }
          },
          "sensitive_attributes": [],
          "private": "bnVsbA==",
          "dependencies": [
            "data.aws_availability_zones.available",
            "module.vpc.aws_eip.nat",
            "module.vpc.aws_internet_gateway.this",
            "module.vpc.aws_subnet.public",
            "module.vpc.aws_vpc.this",
            "module.vpc.aws_vpc_ipv4_cidr_block_association.this"
          ]
        },
        {
          "index_key": 2,
          "schema_version": 0,
          "attributes": {
            "allocation_id": "eipalloc-0a5b2fc81349bcecc",
            "connectivity_type": "public",
            "id": "nat-06d7531746f76f533",
            "network_interface_id": "eni-09157b46d549716bf",
            "private_ip": "10.0.103.78",
            "public_ip": "35.83.223.122",
            "subnet_id": "subnet-072ca7796cc8ade77",
            "tags": {
              "Environment": "Test",
              "Name": "my-vpc-us-west-2c",
              "Terraform": "true"
            },
            "tags_all": {
              "Environment": "Test",
              "Name": "my-vpc-us-west-2c",
              "Terraform": "true"
            }
          },
          "sensitive_attributes": [],
          "private": "bnVsbA==",
          "dependencies": [
            "data.aws_availability_zones.available",
            "module.vpc.aws_eip.nat",
            "module.vpc.aws_internet_gateway.this",
            "module.vpc.aws_subnet.public",
            "module.vpc.aws_vpc.this",
            "module.vpc.aws_vpc_ipv4_cidr_block_association.this"
          ]
        }
      ]
    },
    {
      "module": "module.vpc",
      "mode": "managed",
      "type": "aws_route",
      "name": "private_nat_gateway",
      "provider": "provider[\"registry.terraform.io/hashicorp/aws\"]",
      "instances": [
        {
          "index_key": 0,
          "schema_version": 0,
          "attributes": {
            "carrier_gateway_id": "",
            "destination_cidr_block": "0.0.0.0/0",
            "destination_ipv6_cidr_block": "",
            "destination_prefix_list_id": "",
            "egress_only_gateway_id": "",
            "gateway_id": "",
            "id": "r-rtb-0f04128756fcbd8a01080289494",
            "instance_id": "",
            "instance_owner_id": "",
            "local_gateway_id": "",
            "nat_gateway_id": "nat-035db60aedaa76cc9",
            "network_interface_id": "",
            "origin": "CreateRoute",
            "route_table_id": "rtb-0f04128756fcbd8a0",
            "state": "active",
            "timeouts": {
              "create": "5m",
              "delete": null,
              "update": null
            },
            "transit_gateway_id": "",
            "vpc_endpoint_id": "",
            "vpc_peering_connection_id": ""
          },
          "sensitive_attributes": [],
          "private": "eyJlMmJmYjczMC1lY2FhLTExZTYtOGY4OC0zNDM2M2JjN2M0YzAiOnsiY3JlYXRlIjozMDAwMDAwMDAwMDAsImRlbGV0ZSI6MzAwMDAwMDAwMDAwLCJ1cGRhdGUiOjEyMDAwMDAwMDAwMH19",
          "dependencies": [
            "data.aws_availability_zones.available",
            "module.vpc.aws_eip.nat",
            "module.vpc.aws_internet_gateway.this",
            "module.vpc.aws_nat_gateway.this",
            "module.vpc.aws_route_table.private",
            "module.vpc.aws_subnet.public",
            "module.vpc.aws_vpc.this",
            "module.vpc.aws_vpc_ipv4_cidr_block_association.this"
          ]
        },
        {
          "index_key": 1,
          "schema_version": 0,
          "attributes": {
            "carrier_gateway_id": "",
            "destination_cidr_block": "0.0.0.0/0",
            "destination_ipv6_cidr_block": "",
            "destination_prefix_list_id": "",
            "egress_only_gateway_id": "",
            "gateway_id": "",
            "id": "r-rtb-09aa1a586ba380b891080289494",
            "instance_id": "",
            "instance_owner_id": "",
            "local_gateway_id": "",
            "nat_gateway_id": "nat-0d867ba36c9a2bc8d",
            "network_interface_id": "",
            "origin": "CreateRoute",
            "route_table_id": "rtb-09aa1a586ba380b89",
            "state": "active",
            "timeouts": {
              "create": "5m",
              "delete": null,
              "update": null
            },
            "transit_gateway_id": "",
            "vpc_endpoint_id": "",
            "vpc_peering_connection_id": ""
          },
          "sensitive_attributes": [],
          "private": "eyJlMmJmYjczMC1lY2FhLTExZTYtOGY4OC0zNDM2M2JjN2M0YzAiOnsiY3JlYXRlIjozMDAwMDAwMDAwMDAsImRlbGV0ZSI6MzAwMDAwMDAwMDAwLCJ1cGRhdGUiOjEyMDAwMDAwMDAwMH19",
          "dependencies": [
            "data.aws_availability_zones.available",
            "module.vpc.aws_eip.nat",
            "module.vpc.aws_internet_gateway.this",
            "module.vpc.aws_nat_gateway.this",
            "module.vpc.aws_route_table.private",
            "module.vpc.aws_subnet.public",
            "module.vpc.aws_vpc.this",
            "module.vpc.aws_vpc_ipv4_cidr_block_association.this"
          ]
        },
        {
          "index_key": 2,
          "schema_version": 0,
          "attributes": {
            "carrier_gateway_id": "",
            "destination_cidr_block": "0.0.0.0/0",
            "destination_ipv6_cidr_block": "",
            "destination_prefix_list_id": "",
            "egress_only_gateway_id": "",
            "gateway_id": "",
            "id": "r-rtb-00aa10d9a9ce82b631080289494",
            "instance_id": "",
            "instance_owner_id": "",
            "local_gateway_id": "",
            "nat_gateway_id": "nat-06d7531746f76f533",
            "network_interface_id": "",
            "origin": "CreateRoute",
            "route_table_id": "rtb-00aa10d9a9ce82b63",
            "state": "active",
            "timeouts": {
              "create": "5m",
              "delete": null,
              "update": null
            },
            "transit_gateway_id": "",
            "vpc_endpoint_id": "",
            "vpc_peering_connection_id": ""
          },
          "sensitive_attributes": [],
          "private": "eyJlMmJmYjczMC1lY2FhLTExZTYtOGY4OC0zNDM2M2JjN2M0YzAiOnsiY3JlYXRlIjozMDAwMDAwMDAwMDAsImRlbGV0ZSI6MzAwMDAwMDAwMDAwLCJ1cGRhdGUiOjEyMDAwMDAwMDAwMH19",
          "dependencies": [
            "data.aws_availability_zones.available",
            "module.vpc.aws_eip.nat",
            "module.vpc.aws_internet_gateway.this",
            "module.vpc.aws_nat_gateway.this",
            "module.vpc.aws_route_table.private",
            "module.vpc.aws_subnet.public",
            "module.vpc.aws_vpc.this",
            "module.vpc.aws_vpc_ipv4_cidr_block_association.this"
          ]
        }
      ]
    },
    {
      "module": "module.vpc",
      "mode": "managed",
      "type": "aws_route",
      "name": "public_internet_gateway",
      "provider": "provider[\"registry.terraform.io/hashicorp/aws\"]",
      "instances": [
        {
          "index_key": 0,
          "schema_version": 0,
          "attributes": {
            "carrier_gateway_id": "",
            "destination_cidr_block": "0.0.0.0/0",
            "destination_ipv6_cidr_block": "",
            "destination_prefix_list_id": "",
            "egress_only_gateway_id": "",
            "gateway_id": "igw-02f9ccea9297c4a51",
            "id": "r-rtb-080d6b44ff45dfdec1080289494",
            "instance_id": "",
            "instance_owner_id": "",
            "local_gateway_id": "",
            "nat_gateway_id": "",
            "network_interface_id": "",
            "origin": "CreateRoute",
            "route_table_id": "rtb-080d6b44ff45dfdec",
            "state": "active",
            "timeouts": {
              "create": "5m",
              "delete": null,
              "update": null
            },
            "transit_gateway_id": "",
            "vpc_endpoint_id": "",
            "vpc_peering_connection_id": ""
          },
          "sensitive_attributes": [],
          "private": "eyJlMmJmYjczMC1lY2FhLTExZTYtOGY4OC0zNDM2M2JjN2M0YzAiOnsiY3JlYXRlIjozMDAwMDAwMDAwMDAsImRlbGV0ZSI6MzAwMDAwMDAwMDAwLCJ1cGRhdGUiOjEyMDAwMDAwMDAwMH19",
          "dependencies": [
            "module.vpc.aws_internet_gateway.this",
            "module.vpc.aws_route_table.public",
            "module.vpc.aws_vpc.this",
            "module.vpc.aws_vpc_ipv4_cidr_block_association.this"
          ]
        }
      ]
    },
    {
      "module": "module.vpc",
      "mode": "managed",
      "type": "aws_route_table",
      "name": "private",
      "provider": "provider[\"registry.terraform.io/hashicorp/aws\"]",
      "instances": [
        {
          "index_key": 0,
          "schema_version": 0,
          "attributes": {
            "arn": "arn:aws:ec2:us-west-2:809801096875:route-table/rtb-0f04128756fcbd8a0",
            "id": "rtb-0f04128756fcbd8a0",
            "owner_id": "809801096875",
            "propagating_vgws": [],
            "route": [],
            "tags": {
              "Environment": "Test",
              "Name": "my-vpc-private-us-west-2a",
              "Terraform": "true"
            },
            "tags_all": {
              "Environment": "Test",
              "Name": "my-vpc-private-us-west-2a",
              "Terraform": "true"
            },
            "timeouts": null,
            "vpc_id": "vpc-0f74785e809807a82"
          },
          "sensitive_attributes": [],
          "private": "eyJlMmJmYjczMC1lY2FhLTExZTYtOGY4OC0zNDM2M2JjN2M0YzAiOnsiY3JlYXRlIjoxMjAwMDAwMDAwMDAsImRlbGV0ZSI6MzAwMDAwMDAwMDAwLCJ1cGRhdGUiOjEyMDAwMDAwMDAwMH19",
          "dependencies": [
            "data.aws_availability_zones.available",
            "module.vpc.aws_vpc.this",
            "module.vpc.aws_vpc_ipv4_cidr_block_association.this"
          ]
        },
        {
          "index_key": 1,
          "schema_version": 0,
          "attributes": {
            "arn": "arn:aws:ec2:us-west-2:809801096875:route-table/rtb-09aa1a586ba380b89",
            "id": "rtb-09aa1a586ba380b89",
            "owner_id": "809801096875",
            "propagating_vgws": [],
            "route": [],
            "tags": {
              "Environment": "Test",
              "Name": "my-vpc-private-us-west-2b",
              "Terraform": "true"
            },
            "tags_all": {
              "Environment": "Test",
              "Name": "my-vpc-private-us-west-2b",
              "Terraform": "true"
            },
            "timeouts": null,
            "vpc_id": "vpc-0f74785e809807a82"
          },
          "sensitive_attributes": [],
          "private": "eyJlMmJmYjczMC1lY2FhLTExZTYtOGY4OC0zNDM2M2JjN2M0YzAiOnsiY3JlYXRlIjoxMjAwMDAwMDAwMDAsImRlbGV0ZSI6MzAwMDAwMDAwMDAwLCJ1cGRhdGUiOjEyMDAwMDAwMDAwMH19",
          "dependencies": [
            "data.aws_availability_zones.available",
            "module.vpc.aws_vpc.this",
            "module.vpc.aws_vpc_ipv4_cidr_block_association.this"
          ]
        },
        {
          "index_key": 2,
          "schema_version": 0,
          "attributes": {
            "arn": "arn:aws:ec2:us-west-2:809801096875:route-table/rtb-00aa10d9a9ce82b63",
            "id": "rtb-00aa10d9a9ce82b63",
            "owner_id": "809801096875",
            "propagating_vgws": [],
            "route": [],
            "tags": {
              "Environment": "Test",
              "Name": "my-vpc-private-us-west-2c",
              "Terraform": "true"
            },
            "tags_all": {
              "Environment": "Test",
              "Name": "my-vpc-private-us-west-2c",
              "Terraform": "true"
            },
            "timeouts": null,
            "vpc_id": "vpc-0f74785e809807a82"
          },
          "sensitive_attributes": [],
          "private": "eyJlMmJmYjczMC1lY2FhLTExZTYtOGY4OC0zNDM2M2JjN2M0YzAiOnsiY3JlYXRlIjoxMjAwMDAwMDAwMDAsImRlbGV0ZSI6MzAwMDAwMDAwMDAwLCJ1cGRhdGUiOjEyMDAwMDAwMDAwMH19",
          "dependencies": [
            "data.aws_availability_zones.available",
            "module.vpc.aws_vpc.this",
            "module.vpc.aws_vpc_ipv4_cidr_block_association.this"
          ]
        }
      ]
    },
    {
      "module": "module.vpc",
      "mode": "managed",
      "type": "aws_route_table",
      "name": "public",
      "provider": "provider[\"registry.terraform.io/hashicorp/aws\"]",
      "instances": [
        {
          "index_key": 0,
          "schema_version": 0,
          "attributes": {
            "arn": "arn:aws:ec2:us-west-2:809801096875:route-table/rtb-080d6b44ff45dfdec",
            "id": "rtb-080d6b44ff45dfdec",
            "owner_id": "809801096875",
            "propagating_vgws": [],
            "route": [],
            "tags": {
              "Environment": "Test",
              "Name": "my-vpc-public",
              "Terraform": "true"
            },
            "tags_all": {
              "Environment": "Test",
              "Name": "my-vpc-public",
              "Terraform": "true"
            },
            "timeouts": null,
            "vpc_id": "vpc-0f74785e809807a82"
          },
          "sensitive_attributes": [],
          "private": "eyJlMmJmYjczMC1lY2FhLTExZTYtOGY4OC0zNDM2M2JjN2M0YzAiOnsiY3JlYXRlIjoxMjAwMDAwMDAwMDAsImRlbGV0ZSI6MzAwMDAwMDAwMDAwLCJ1cGRhdGUiOjEyMDAwMDAwMDAwMH19",
          "dependencies": [
            "module.vpc.aws_vpc.this",
            "module.vpc.aws_vpc_ipv4_cidr_block_association.this"
          ]
        }
      ]
    },
    {
      "module": "module.vpc",
      "mode": "managed",
      "type": "aws_route_table_association",
      "name": "private",
      "provider": "provider[\"registry.terraform.io/hashicorp/aws\"]",
      "instances": [
        {
          "index_key": 0,
          "schema_version": 0,
          "attributes": {
            "gateway_id": "",
            "id": "rtbassoc-048c4208ff113ea8d",
            "route_table_id": "rtb-0f04128756fcbd8a0",
            "subnet_id": "subnet-0847e38d75a4a0c44"
          },
          "sensitive_attributes": [],
          "private": "bnVsbA==",
          "dependencies": [
            "data.aws_availability_zones.available",
            "module.vpc.aws_route_table.private",
            "module.vpc.aws_subnet.private",
            "module.vpc.aws_vpc.this",
            "module.vpc.aws_vpc_ipv4_cidr_block_association.this"
          ]
        },
        {
          "index_key": 1,
          "schema_version": 0,
          "attributes": {
            "gateway_id": "",
            "id": "rtbassoc-02ea6cfd29edb6626",
            "route_table_id": "rtb-09aa1a586ba380b89",
            "subnet_id": "subnet-0480ff189791f1a94"
          },
          "sensitive_attributes": [],
          "private": "bnVsbA==",
          "dependencies": [
            "data.aws_availability_zones.available",
            "module.vpc.aws_route_table.private",
            "module.vpc.aws_subnet.private",
            "module.vpc.aws_vpc.this",
            "module.vpc.aws_vpc_ipv4_cidr_block_association.this"
          ]
        },
        {
          "index_key": 2,
          "schema_version": 0,
          "attributes": {
            "gateway_id": "",
            "id": "rtbassoc-0708de88ab95443c4",
            "route_table_id": "rtb-00aa10d9a9ce82b63",
            "subnet_id": "subnet-07821ac5143e42f3e"
          },
          "sensitive_attributes": [],
          "private": "bnVsbA==",
          "dependencies": [
            "data.aws_availability_zones.available",
            "module.vpc.aws_route_table.private",
            "module.vpc.aws_subnet.private",
            "module.vpc.aws_vpc.this",
            "module.vpc.aws_vpc_ipv4_cidr_block_association.this"
          ]
        }
      ]
    },
    {
      "module": "module.vpc",
      "mode": "managed",
      "type": "aws_route_table_association",
      "name": "public",
      "provider": "provider[\"registry.terraform.io/hashicorp/aws\"]",
      "instances": [
        {
          "index_key": 0,
          "schema_version": 0,
          "attributes": {
            "gateway_id": "",
            "id": "rtbassoc-01ce73736d0a7338a",
            "route_table_id": "rtb-080d6b44ff45dfdec",
            "subnet_id": "subnet-0c96a72037112e2c0"
          },
          "sensitive_attributes": [],
          "private": "bnVsbA==",
          "dependencies": [
            "data.aws_availability_zones.available",
            "module.vpc.aws_route_table.public",
            "module.vpc.aws_subnet.public",
            "module.vpc.aws_vpc.this",
            "module.vpc.aws_vpc_ipv4_cidr_block_association.this"
          ]
        },
        {
          "index_key": 1,
          "schema_version": 0,
          "attributes": {
            "gateway_id": "",
            "id": "rtbassoc-04a68d55dc439ec67",
            "route_table_id": "rtb-080d6b44ff45dfdec",
            "subnet_id": "subnet-05caab9c4ae1ad7c0"
          },
          "sensitive_attributes": [],
          "private": "bnVsbA==",
          "dependencies": [
            "data.aws_availability_zones.available",
            "module.vpc.aws_route_table.public",
            "module.vpc.aws_subnet.public",
            "module.vpc.aws_vpc.this",
            "module.vpc.aws_vpc_ipv4_cidr_block_association.this"
          ]
        },
        {
          "index_key": 2,
          "schema_version": 0,
          "attributes": {
            "gateway_id": "",
            "id": "rtbassoc-0033bf9bba11eb10b",
            "route_table_id": "rtb-080d6b44ff45dfdec",
            "subnet_id": "subnet-072ca7796cc8ade77"
          },
          "sensitive_attributes": [],
          "private": "bnVsbA==",
          "dependencies": [
            "data.aws_availability_zones.available",
            "module.vpc.aws_route_table.public",
            "module.vpc.aws_subnet.public",
            "module.vpc.aws_vpc.this",
            "module.vpc.aws_vpc_ipv4_cidr_block_association.this"
          ]
        }
      ]
    },
    {
      "module": "module.vpc",
      "mode": "managed",
      "type": "aws_subnet",
      "name": "private",
      "provider": "provider[\"registry.terraform.io/hashicorp/aws\"]",
      "instances": [
        {
          "index_key": 0,
          "schema_version": 1,
          "attributes": {
            "arn": "arn:aws:ec2:us-west-2:809801096875:subnet/subnet-0847e38d75a4a0c44",
            "assign_ipv6_address_on_creation": false,
            "availability_zone": "us-west-2a",
            "availability_zone_id": "usw2-az2",
            "cidr_block": "10.0.1.0/24",
            "customer_owned_ipv4_pool": "",
            "id": "subnet-0847e38d75a4a0c44",
            "ipv6_cidr_block": "",
            "ipv6_cidr_block_association_id": "",
            "map_customer_owned_ip_on_launch": false,
            "map_public_ip_on_launch": false,
            "outpost_arn": "",
            "owner_id": "809801096875",
            "tags": {
              "Environment": "Test",
              "Name": "my-vpc-private-us-west-2a",
              "Terraform": "true",
              "k8's/cluster/my-eks-cluster": "shared",
              "k8's/role/internal-elb": "1"
            },
            "tags_all": {
              "Environment": "Test",
              "Name": "my-vpc-private-us-west-2a",
              "Terraform": "true",
              "k8's/cluster/my-eks-cluster": "shared",
              "k8's/role/internal-elb": "1"
            },
            "timeouts": null,
            "vpc_id": "vpc-0f74785e809807a82"
          },
          "sensitive_attributes": [],
          "private": "eyJlMmJmYjczMC1lY2FhLTExZTYtOGY4OC0zNDM2M2JjN2M0YzAiOnsiY3JlYXRlIjo2MDAwMDAwMDAwMDAsImRlbGV0ZSI6MTIwMDAwMDAwMDAwMH0sInNjaGVtYV92ZXJzaW9uIjoiMSJ9",
          "dependencies": [
            "data.aws_availability_zones.available",
            "module.vpc.aws_vpc.this",
            "module.vpc.aws_vpc_ipv4_cidr_block_association.this"
          ],
          "create_before_destroy": true
        },
        {
          "index_key": 1,
          "schema_version": 1,
          "attributes": {
            "arn": "arn:aws:ec2:us-west-2:809801096875:subnet/subnet-0480ff189791f1a94",
            "assign_ipv6_address_on_creation": false,
            "availability_zone": "us-west-2b",
            "availability_zone_id": "usw2-az1",
            "cidr_block": "10.0.2.0/24",
            "customer_owned_ipv4_pool": "",
            "id": "subnet-0480ff189791f1a94",
            "ipv6_cidr_block": "",
            "ipv6_cidr_block_association_id": "",
            "map_customer_owned_ip_on_launch": false,
            "map_public_ip_on_launch": false,
            "outpost_arn": "",
            "owner_id": "809801096875",
            "tags": {
              "Environment": "Test",
              "Name": "my-vpc-private-us-west-2b",
              "Terraform": "true",
              "k8's/cluster/my-eks-cluster": "shared",
              "k8's/role/internal-elb": "1"
            },
            "tags_all": {
              "Environment": "Test",
              "Name": "my-vpc-private-us-west-2b",
              "Terraform": "true",
              "k8's/cluster/my-eks-cluster": "shared",
              "k8's/role/internal-elb": "1"
            },
            "timeouts": null,
            "vpc_id": "vpc-0f74785e809807a82"
          },
          "sensitive_attributes": [],
          "private": "eyJlMmJmYjczMC1lY2FhLTExZTYtOGY4OC0zNDM2M2JjN2M0YzAiOnsiY3JlYXRlIjo2MDAwMDAwMDAwMDAsImRlbGV0ZSI6MTIwMDAwMDAwMDAwMH0sInNjaGVtYV92ZXJzaW9uIjoiMSJ9",
          "dependencies": [
            "data.aws_availability_zones.available",
            "module.vpc.aws_vpc.this",
            "module.vpc.aws_vpc_ipv4_cidr_block_association.this"
          ],
          "create_before_destroy": true
        },
        {
          "index_key": 2,
          "schema_version": 1,
          "attributes": {
            "arn": "arn:aws:ec2:us-west-2:809801096875:subnet/subnet-07821ac5143e42f3e",
            "assign_ipv6_address_on_creation": false,
            "availability_zone": "us-west-2c",
            "availability_zone_id": "usw2-az3",
            "cidr_block": "10.0.3.0/24",
            "customer_owned_ipv4_pool": "",
            "id": "subnet-07821ac5143e42f3e",
            "ipv6_cidr_block": "",
            "ipv6_cidr_block_association_id": "",
            "map_customer_owned_ip_on_launch": false,
            "map_public_ip_on_launch": false,
            "outpost_arn": "",
            "owner_id": "809801096875",
            "tags": {
              "Environment": "Test",
              "Name": "my-vpc-private-us-west-2c",
              "Terraform": "true",
              "k8's/cluster/my-eks-cluster": "shared",
              "k8's/role/internal-elb": "1"
            },
            "tags_all": {
              "Environment": "Test",
              "Name": "my-vpc-private-us-west-2c",
              "Terraform": "true",
              "k8's/cluster/my-eks-cluster": "shared",
              "k8's/role/internal-elb": "1"
            },
            "timeouts": null,
            "vpc_id": "vpc-0f74785e809807a82"
          },
          "sensitive_attributes": [],
          "private": "eyJlMmJmYjczMC1lY2FhLTExZTYtOGY4OC0zNDM2M2JjN2M0YzAiOnsiY3JlYXRlIjo2MDAwMDAwMDAwMDAsImRlbGV0ZSI6MTIwMDAwMDAwMDAwMH0sInNjaGVtYV92ZXJzaW9uIjoiMSJ9",
          "dependencies": [
            "data.aws_availability_zones.available",
            "module.vpc.aws_vpc.this",
            "module.vpc.aws_vpc_ipv4_cidr_block_association.this"
          ],
          "create_before_destroy": true
        }
      ]
    },
    {
      "module": "module.vpc",
      "mode": "managed",
      "type": "aws_subnet",
      "name": "public",
      "provider": "provider[\"registry.terraform.io/hashicorp/aws\"]",
      "instances": [
        {
          "index_key": 0,
          "schema_version": 1,
          "attributes": {
            "arn": "arn:aws:ec2:us-west-2:809801096875:subnet/subnet-0c96a72037112e2c0",
            "assign_ipv6_address_on_creation": false,
            "availability_zone": "us-west-2a",
            "availability_zone_id": "usw2-az2",
            "cidr_block": "10.0.101.0/24",
            "customer_owned_ipv4_pool": "",
            "id": "subnet-0c96a72037112e2c0",
            "ipv6_cidr_block": "",
            "ipv6_cidr_block_association_id": "",
            "map_customer_owned_ip_on_launch": false,
            "map_public_ip_on_launch": true,
            "outpost_arn": "",
            "owner_id": "809801096875",
            "tags": {
              "Environment": "Test",
              "Name": "my-vpc-public-us-west-2a",
              "Terraform": "true",
              "k8's/cluster/my-eks-cluster": "shared",
              "k8's/role/elb": "1"
            },
            "tags_all": {
              "Environment": "Test",
              "Name": "my-vpc-public-us-west-2a",
              "Terraform": "true",
              "k8's/cluster/my-eks-cluster": "shared",
              "k8's/role/elb": "1"
            },
            "timeouts": null,
            "vpc_id": "vpc-0f74785e809807a82"
          },
          "sensitive_attributes": [],
          "private": "eyJlMmJmYjczMC1lY2FhLTExZTYtOGY4OC0zNDM2M2JjN2M0YzAiOnsiY3JlYXRlIjo2MDAwMDAwMDAwMDAsImRlbGV0ZSI6MTIwMDAwMDAwMDAwMH0sInNjaGVtYV92ZXJzaW9uIjoiMSJ9",
          "dependencies": [
            "data.aws_availability_zones.available",
            "module.vpc.aws_vpc.this",
            "module.vpc.aws_vpc_ipv4_cidr_block_association.this"
          ]
        },
        {
          "index_key": 1,
          "schema_version": 1,
          "attributes": {
            "arn": "arn:aws:ec2:us-west-2:809801096875:subnet/subnet-05caab9c4ae1ad7c0",
            "assign_ipv6_address_on_creation": false,
            "availability_zone": "us-west-2b",
            "availability_zone_id": "usw2-az1",
            "cidr_block": "10.0.102.0/24",
            "customer_owned_ipv4_pool": "",
            "id": "subnet-05caab9c4ae1ad7c0",
            "ipv6_cidr_block": "",
            "ipv6_cidr_block_association_id": "",
            "map_customer_owned_ip_on_launch": false,
            "map_public_ip_on_launch": true,
            "outpost_arn": "",
            "owner_id": "809801096875",
            "tags": {
              "Environment": "Test",
              "Name": "my-vpc-public-us-west-2b",
              "Terraform": "true",
              "k8's/cluster/my-eks-cluster": "shared",
              "k8's/role/elb": "1"
            },
            "tags_all": {
              "Environment": "Test",
              "Name": "my-vpc-public-us-west-2b",
              "Terraform": "true",
              "k8's/cluster/my-eks-cluster": "shared",
              "k8's/role/elb": "1"
            },
            "timeouts": null,
            "vpc_id": "vpc-0f74785e809807a82"
          },
          "sensitive_attributes": [],
          "private": "eyJlMmJmYjczMC1lY2FhLTExZTYtOGY4OC0zNDM2M2JjN2M0YzAiOnsiY3JlYXRlIjo2MDAwMDAwMDAwMDAsImRlbGV0ZSI6MTIwMDAwMDAwMDAwMH0sInNjaGVtYV92ZXJzaW9uIjoiMSJ9",
          "dependencies": [
            "data.aws_availability_zones.available",
            "module.vpc.aws_vpc.this",
            "module.vpc.aws_vpc_ipv4_cidr_block_association.this"
          ]
        },
        {
          "index_key": 2,
          "schema_version": 1,
          "attributes": {
            "arn": "arn:aws:ec2:us-west-2:809801096875:subnet/subnet-072ca7796cc8ade77",
            "assign_ipv6_address_on_creation": false,
            "availability_zone": "us-west-2c",
            "availability_zone_id": "usw2-az3",
            "cidr_block": "10.0.103.0/24",
            "customer_owned_ipv4_pool": "",
            "id": "subnet-072ca7796cc8ade77",
            "ipv6_cidr_block": "",
            "ipv6_cidr_block_association_id": "",
            "map_customer_owned_ip_on_launch": false,
            "map_public_ip_on_launch": true,
            "outpost_arn": "",
            "owner_id": "809801096875",
            "tags": {
              "Environment": "Test",
              "Name": "my-vpc-public-us-west-2c",
              "Terraform": "true",
              "k8's/cluster/my-eks-cluster": "shared",
              "k8's/role/elb": "1"
            },
            "tags_all": {
              "Environment": "Test",
              "Name": "my-vpc-public-us-west-2c",
              "Terraform": "true",
              "k8's/cluster/my-eks-cluster": "shared",
              "k8's/role/elb": "1"
            },
            "timeouts": null,
            "vpc_id": "vpc-0f74785e809807a82"
          },
          "sensitive_attributes": [],
          "private": "eyJlMmJmYjczMC1lY2FhLTExZTYtOGY4OC0zNDM2M2JjN2M0YzAiOnsiY3JlYXRlIjo2MDAwMDAwMDAwMDAsImRlbGV0ZSI6MTIwMDAwMDAwMDAwMH0sInNjaGVtYV92ZXJzaW9uIjoiMSJ9",
          "dependencies": [
            "data.aws_availability_zones.available",
            "module.vpc.aws_vpc.this",
            "module.vpc.aws_vpc_ipv4_cidr_block_association.this"
          ]
        }
      ]
    },
    {
      "module": "module.vpc",
      "mode": "managed",
      "type": "aws_vpc",
      "name": "this",
      "provider": "provider[\"registry.terraform.io/hashicorp/aws\"]",
      "instances": [
        {
          "index_key": 0,
          "schema_version": 1,
          "attributes": {
            "arn": "arn:aws:ec2:us-west-2:809801096875:vpc/vpc-0f74785e809807a82",
            "assign_generated_ipv6_cidr_block": false,
            "cidr_block": "10.0.0.0/16",
            "default_network_acl_id": "acl-0c4e839782e15b167",
            "default_route_table_id": "rtb-0076b1a378819aae4",
            "default_security_group_id": "sg-014f26962b30a7483",
            "dhcp_options_id": "dopt-be4c4fc6",
            "enable_classiclink": false,
            "enable_classiclink_dns_support": false,
            "enable_dns_hostnames": true,
            "enable_dns_support": true,
            "id": "vpc-0f74785e809807a82",
            "instance_tenancy": "default",
            "ipv6_association_id": "",
            "ipv6_cidr_block": "",
            "main_route_table_id": "rtb-0076b1a378819aae4",
            "owner_id": "809801096875",
            "tags": {
              "Environment": "Test",
              "Name": "my-vpc",
              "Terraform": "true"
            },
            "tags_all": {
              "Environment": "Test",
              "Name": "my-vpc",
              "Terraform": "true"
            }
          },
          "sensitive_attributes": [],
          "private": "eyJzY2hlbWFfdmVyc2lvbiI6IjEifQ==",
          "create_before_destroy": true
        }
      ]
    },
    {
      "module": "module.vpc",
      "mode": "managed",
      "type": "aws_vpn_gateway",
      "name": "this",
      "provider": "provider[\"registry.terraform.io/hashicorp/aws\"]",
      "instances": [
        {
          "index_key": 0,
          "schema_version": 0,
          "attributes": {
            "amazon_side_asn": "64512",
            "arn": "arn:aws:ec2:us-west-2:809801096875:vpn-gateway/vgw-05c165ad89aaba93d",
            "availability_zone": null,
            "id": "vgw-05c165ad89aaba93d",
            "tags": {
              "Environment": "Test",
              "Name": "my-vpc",
              "Terraform": "true"
            },
            "tags_all": {
              "Environment": "Test",
              "Name": "my-vpc",
              "Terraform": "true"
            },
            "vpc_id": "vpc-0f74785e809807a82"
          },
          "sensitive_attributes": [],
          "private": "bnVsbA==",
          "dependencies": [
            "module.vpc.aws_vpc.this",
            "module.vpc.aws_vpc_ipv4_cidr_block_association.this"
          ]
        }
      ]
    }
  ]
}
